// !$*UTF8*$!
{
	archiveVersion = 1;
	classes = {
	};
	objectVersion = 52;
	objects = {

/* Begin PBXBuildFile section */
		AA008A7725EE422C00F70F75 /* Project.swift in Sources */ = {isa = PBXBuildFile; fileRef = AA008A7625EE422C00F70F75 /* Project.swift */; };
		AA008A7825EE422C00F70F75 /* Project.swift in Sources */ = {isa = PBXBuildFile; fileRef = AA008A7625EE422C00F70F75 /* Project.swift */; };
		AA01F3D025EFACB000368707 /* Assets.swift in Sources */ = {isa = PBXBuildFile; fileRef = AA01F3CF25EFACB000368707 /* Assets.swift */; };
		AA01F3D125EFACB000368707 /* Assets.swift in Sources */ = {isa = PBXBuildFile; fileRef = AA01F3CF25EFACB000368707 /* Assets.swift */; };
		AA01F3DF25EFDC5000368707 /* Constant.swift in Sources */ = {isa = PBXBuildFile; fileRef = AA01F3DE25EFDC5000368707 /* Constant.swift */; };
		AA01F3E025EFDC5000368707 /* Constant.swift in Sources */ = {isa = PBXBuildFile; fileRef = AA01F3DE25EFDC5000368707 /* Constant.swift */; };
		AA02086825F641D900FD6B24 /* Sample.swift in Sources */ = {isa = PBXBuildFile; fileRef = AA02086725F641D900FD6B24 /* Sample.swift */; };
		AA02086925F641D900FD6B24 /* Sample.swift in Sources */ = {isa = PBXBuildFile; fileRef = AA02086725F641D900FD6B24 /* Sample.swift */; };
		AA02086F25F648C200FD6B24 /* View.swift in Sources */ = {isa = PBXBuildFile; fileRef = AA02086E25F648C200FD6B24 /* View.swift */; };
		AA02087025F648C200FD6B24 /* View.swift in Sources */ = {isa = PBXBuildFile; fileRef = AA02086E25F648C200FD6B24 /* View.swift */; };
		AA02088325F6516D00FD6B24 /* Scanner.swift in Sources */ = {isa = PBXBuildFile; fileRef = AA02088225F6516D00FD6B24 /* Scanner.swift */; };
		AA02088425F6516D00FD6B24 /* Scanner.swift in Sources */ = {isa = PBXBuildFile; fileRef = AA02088225F6516D00FD6B24 /* Scanner.swift */; };
		AA02088E25F651D100FD6B24 /* ScanResult.swift in Sources */ = {isa = PBXBuildFile; fileRef = AA02088D25F651D100FD6B24 /* ScanResult.swift */; };
		AA02088F25F651D100FD6B24 /* ScanResult.swift in Sources */ = {isa = PBXBuildFile; fileRef = AA02088D25F651D100FD6B24 /* ScanResult.swift */; };
		AA02089625F65A3700FD6B24 /* DeviceList.swift in Sources */ = {isa = PBXBuildFile; fileRef = AA02089525F65A3700FD6B24 /* DeviceList.swift */; };
		AA0208A125F65C7600FD6B24 /* LoggedInRootView.swift in Sources */ = {isa = PBXBuildFile; fileRef = AA0208A025F65C7600FD6B24 /* LoggedInRootView.swift */; };
		AA0208A225F65C7600FD6B24 /* LoggedInRootView.swift in Sources */ = {isa = PBXBuildFile; fileRef = AA0208A025F65C7600FD6B24 /* LoggedInRootView.swift */; };
		AA0208A925F65EB400FD6B24 /* Tabs.swift in Sources */ = {isa = PBXBuildFile; fileRef = AA0208A825F65EB400FD6B24 /* Tabs.swift */; };
		AA0208AA25F65EB400FD6B24 /* Tabs.swift in Sources */ = {isa = PBXBuildFile; fileRef = AA0208A825F65EB400FD6B24 /* Tabs.swift */; };
		AA03E97525E3EF13003DA9DA /* Tests_iOS.swift in Sources */ = {isa = PBXBuildFile; fileRef = AA03E97425E3EF13003DA9DA /* Tests_iOS.swift */; };
		AA03E98025E3EF13003DA9DA /* Tests_macOS.swift in Sources */ = {isa = PBXBuildFile; fileRef = AA03E97F25E3EF13003DA9DA /* Tests_macOS.swift */; };
		AA03E98225E3EF13003DA9DA /* nRF_Edge_ImpulseApp.swift in Sources */ = {isa = PBXBuildFile; fileRef = AA03E95925E3EF12003DA9DA /* nRF_Edge_ImpulseApp.swift */; };
		AA03E98425E3EF13003DA9DA /* ContentView.swift in Sources */ = {isa = PBXBuildFile; fileRef = AA03E95A25E3EF12003DA9DA /* ContentView.swift */; };
		AA03E98525E3EF13003DA9DA /* ContentView.swift in Sources */ = {isa = PBXBuildFile; fileRef = AA03E95A25E3EF12003DA9DA /* ContentView.swift */; };
		AA03E98625E3EF13003DA9DA /* Assets.xcassets in Resources */ = {isa = PBXBuildFile; fileRef = AA03E95B25E3EF13003DA9DA /* Assets.xcassets */; };
		AA03E98725E3EF13003DA9DA /* Assets.xcassets in Resources */ = {isa = PBXBuildFile; fileRef = AA03E95B25E3EF13003DA9DA /* Assets.xcassets */; };
		AA0D81292608C03A00AE615A /* DeploymentView.swift in Sources */ = {isa = PBXBuildFile; fileRef = AA0D81282608C03A00AE615A /* DeploymentView.swift */; };
		AA0D812A2608C03A00AE615A /* DeploymentView.swift in Sources */ = {isa = PBXBuildFile; fileRef = AA0D81282608C03A00AE615A /* DeploymentView.swift */; };
		AA0D812C2608F62700AE615A /* DeploymentViewState.swift in Sources */ = {isa = PBXBuildFile; fileRef = AA0D812B2608F62700AE615A /* DeploymentViewState.swift */; };
		AA0D812D2608F62700AE615A /* DeploymentViewState.swift in Sources */ = {isa = PBXBuildFile; fileRef = AA0D812B2608F62700AE615A /* DeploymentViewState.swift */; };
		AA0D90AE260E1F1100A455B7 /* nRF_Edge_ImpulseApp.swift in Sources */ = {isa = PBXBuildFile; fileRef = AA0D90AD260E1F1100A455B7 /* nRF_Edge_ImpulseApp.swift */; };
		AA1016FC25E9173A006DC88A /* Network.swift in Sources */ = {isa = PBXBuildFile; fileRef = AA1016FB25E9173A006DC88A /* Network.swift */; };
		AA1016FD25E9173A006DC88A /* Network.swift in Sources */ = {isa = PBXBuildFile; fileRef = AA1016FB25E9173A006DC88A /* Network.swift */; };
		AA10170325E91885006DC88A /* HTTPRequest.swift in Sources */ = {isa = PBXBuildFile; fileRef = AA10170225E91885006DC88A /* HTTPRequest.swift */; };
		AA10170425E91885006DC88A /* HTTPRequest.swift in Sources */ = {isa = PBXBuildFile; fileRef = AA10170225E91885006DC88A /* HTTPRequest.swift */; };
		AA14CA75261490CD004F08FE /* Codable.swift in Sources */ = {isa = PBXBuildFile; fileRef = AA14CA74261490CD004F08FE /* Codable.swift */; };
		AA14CA76261490CD004F08FE /* Codable.swift in Sources */ = {isa = PBXBuildFile; fileRef = AA14CA74261490CD004F08FE /* Codable.swift */; };
		AA1F07A425F7989400CC41A9 /* BluetoothError.swift in Sources */ = {isa = PBXBuildFile; fileRef = AA1F07A325F7989400CC41A9 /* BluetoothError.swift */; };
		AA1F07A525F7989400CC41A9 /* BluetoothError.swift in Sources */ = {isa = PBXBuildFile; fileRef = AA1F07A325F7989400CC41A9 /* BluetoothError.swift */; };
		AA284059261F4DFC00EB8637 /* AppHeaderView.swift in Sources */ = {isa = PBXBuildFile; fileRef = AA284058261F4DFC00EB8637 /* AppHeaderView.swift */; };
		AA28405A261F4DFC00EB8637 /* AppHeaderView.swift in Sources */ = {isa = PBXBuildFile; fileRef = AA284058261F4DFC00EB8637 /* AppHeaderView.swift */; };
		AA28405C261F4F3D00EB8637 /* UsernameField.swift in Sources */ = {isa = PBXBuildFile; fileRef = AA28405B261F4F3D00EB8637 /* UsernameField.swift */; };
		AA28405D261F4F3D00EB8637 /* UsernameField.swift in Sources */ = {isa = PBXBuildFile; fileRef = AA28405B261F4F3D00EB8637 /* UsernameField.swift */; };
		AA28405F261F537C00EB8637 /* PasswordField.swift in Sources */ = {isa = PBXBuildFile; fileRef = AA28405E261F537C00EB8637 /* PasswordField.swift */; };
		AA284060261F537C00EB8637 /* PasswordField.swift in Sources */ = {isa = PBXBuildFile; fileRef = AA28405E261F537C00EB8637 /* PasswordField.swift */; };
		AA32792D2604C66B00A0CA6A /* DataAcquisitionViewState.swift in Sources */ = {isa = PBXBuildFile; fileRef = AAA584F02604C4D500AB5BF9 /* DataAcquisitionViewState.swift */; };
		AA386B09260CEDD60079F12D /* Previews.swift in Sources */ = {isa = PBXBuildFile; fileRef = AA386B08260CEDD60079F12D /* Previews.swift */; };
		AA386B0A260CEDD60079F12D /* Previews.swift in Sources */ = {isa = PBXBuildFile; fileRef = AA386B08260CEDD60079F12D /* Previews.swift */; };
		AA43B2A825FA574F00C5B5EE /* TabBarLayoutView.swift in Sources */ = {isa = PBXBuildFile; fileRef = AA43B2A725FA574F00C5B5EE /* TabBarLayoutView.swift */; };
		AA43B2A925FA58B500C5B5EE /* TabBarLayoutView.swift in Sources */ = {isa = PBXBuildFile; fileRef = AA43B2A725FA574F00C5B5EE /* TabBarLayoutView.swift */; };
		AA535510261C7AFC007B2C94 /* CollaboratorRow.swift in Sources */ = {isa = PBXBuildFile; fileRef = AA53550F261C7AFC007B2C94 /* CollaboratorRow.swift */; };
		AA535511261C7AFC007B2C94 /* CollaboratorRow.swift in Sources */ = {isa = PBXBuildFile; fileRef = AA53550F261C7AFC007B2C94 /* CollaboratorRow.swift */; };
		AA535513261C7DA1007B2C94 /* CollaboratorsDisclosureView.swift in Sources */ = {isa = PBXBuildFile; fileRef = AA535512261C7DA1007B2C94 /* CollaboratorsDisclosureView.swift */; };
		AA535519261C896B007B2C94 /* CollaboratorsDisclosureView.swift in Sources */ = {isa = PBXBuildFile; fileRef = AA535518261C896B007B2C94 /* CollaboratorsDisclosureView.swift */; };
		AA710DB5260391D800A4935F /* DataAcquisitionView.swift in Sources */ = {isa = PBXBuildFile; fileRef = AA263F05260385690018CF5B /* DataAcquisitionView.swift */; };
		AA7F5DE325F8F57D00185328 /* KeychainSwift in Frameworks */ = {isa = PBXBuildFile; productRef = AA7F5DE225F8F57D00185328 /* KeychainSwift */; };
		AA7F5DE425F8F6C900185328 /* LoginRequest.swift in Sources */ = {isa = PBXBuildFile; fileRef = AAFCBE8125E90734001C52B0 /* LoginRequest.swift */; };
		AA80988425EE518F00091AC0 /* ProjectRow.swift in Sources */ = {isa = PBXBuildFile; fileRef = AA80988325EE518F00091AC0 /* ProjectRow.swift */; };
		AA80988525EE518F00091AC0 /* ProjectRow.swift in Sources */ = {isa = PBXBuildFile; fileRef = AA80988325EE518F00091AC0 /* ProjectRow.swift */; };
		AA80989A25EE959B00091AC0 /* Publishers.swift in Sources */ = {isa = PBXBuildFile; fileRef = AA80989925EE959B00091AC0 /* Publishers.swift */; };
		AA80989B25EE959B00091AC0 /* Publishers.swift in Sources */ = {isa = PBXBuildFile; fileRef = AA80989925EE959B00091AC0 /* Publishers.swift */; };
		AA8EC8B4261F30A900FBE990 /* Modifiers.swift in Sources */ = {isa = PBXBuildFile; fileRef = AA8EC8B3261F30A900FBE990 /* Modifiers.swift */; };
		AA8EC8B5261F30A900FBE990 /* Modifiers.swift in Sources */ = {isa = PBXBuildFile; fileRef = AA8EC8B3261F30A900FBE990 /* Modifiers.swift */; };
		AA92BEF12611F9E400BED04B /* ResourceData.swift in Sources */ = {isa = PBXBuildFile; fileRef = AA92BEF02611F9E400BED04B /* ResourceData.swift */; };
		AA92BEF22611F9E400BED04B /* ResourceData.swift in Sources */ = {isa = PBXBuildFile; fileRef = AA92BEF02611F9E400BED04B /* ResourceData.swift */; };
		AA92BEFA2612064E00BED04B /* ResourcesRequest.swift in Sources */ = {isa = PBXBuildFile; fileRef = AA92BEF92612064E00BED04B /* ResourcesRequest.swift */; };
		AA92BEFB2612064E00BED04B /* ResourcesRequest.swift in Sources */ = {isa = PBXBuildFile; fileRef = AA92BEF92612064E00BED04B /* ResourcesRequest.swift */; };
		AAA584F12604C4D500AB5BF9 /* DataAcquisitionViewState.swift in Sources */ = {isa = PBXBuildFile; fileRef = AAA584F02604C4D500AB5BF9 /* DataAcquisitionViewState.swift */; };
		AAA87ADD261B143B0097EA74 /* String.swift in Sources */ = {isa = PBXBuildFile; fileRef = AAA87ADC261B143B0097EA74 /* String.swift */; };
		AAA87ADE261B143B0097EA74 /* String.swift in Sources */ = {isa = PBXBuildFile; fileRef = AAA87ADC261B143B0097EA74 /* String.swift */; };
		AAA87AE3261B28F50097EA74 /* URLImage.swift in Sources */ = {isa = PBXBuildFile; fileRef = AAA87AE2261B28F50097EA74 /* URLImage.swift */; };
		AAA87AE4261B28F50097EA74 /* URLImage.swift in Sources */ = {isa = PBXBuildFile; fileRef = AAA87AE2261B28F50097EA74 /* URLImage.swift */; };
		AACCBA882600C32C0042E87B /* ErrorView.swift in Sources */ = {isa = PBXBuildFile; fileRef = AACCBA872600C32C0042E87B /* ErrorView.swift */; };
		AACCBA892600C32C0042E87B /* ErrorView.swift in Sources */ = {isa = PBXBuildFile; fileRef = AACCBA872600C32C0042E87B /* ErrorView.swift */; };
		AAE5B63525F23A4500AA003D /* sample_projects.json in Resources */ = {isa = PBXBuildFile; fileRef = AAE5B63425F23A4500AA003D /* sample_projects.json */; };
		AAE5B63625F23A4500AA003D /* sample_projects.json in Resources */ = {isa = PBXBuildFile; fileRef = AAE5B63425F23A4500AA003D /* sample_projects.json */; };
		AAF0C9692609FEBE001B76B9 /* GetCurrentUserRequest.swift in Sources */ = {isa = PBXBuildFile; fileRef = AAF0C9682609FEBE001B76B9 /* GetCurrentUserRequest.swift */; };
		AAF0C96A2609FEBE001B76B9 /* GetCurrentUserRequest.swift in Sources */ = {isa = PBXBuildFile; fileRef = AAF0C9682609FEBE001B76B9 /* GetCurrentUserRequest.swift */; };
		AAF0C96C260A0210001B76B9 /* DashboardView.swift in Sources */ = {isa = PBXBuildFile; fileRef = AAF0C96B260A0210001B76B9 /* DashboardView.swift */; };
		AAF0C96D260A0210001B76B9 /* DashboardView.swift in Sources */ = {isa = PBXBuildFile; fileRef = AAF0C96B260A0210001B76B9 /* DashboardView.swift */; };
		AAF0C96F260A069F001B76B9 /* User.swift in Sources */ = {isa = PBXBuildFile; fileRef = AAF0C96E260A069F001B76B9 /* User.swift */; };
		AAF0C970260A069F001B76B9 /* User.swift in Sources */ = {isa = PBXBuildFile; fileRef = AAF0C96E260A069F001B76B9 /* User.swift */; };
		AAF0C972260A121B001B76B9 /* UserView.swift in Sources */ = {isa = PBXBuildFile; fileRef = AAF0C971260A121B001B76B9 /* UserView.swift */; };
		AAF0C973260A121B001B76B9 /* UserView.swift in Sources */ = {isa = PBXBuildFile; fileRef = AAF0C971260A121B001B76B9 /* UserView.swift */; };
		AAF0C975260A1482001B76B9 /* CircleAround.swift in Sources */ = {isa = PBXBuildFile; fileRef = AAF0C974260A1482001B76B9 /* CircleAround.swift */; };
		AAF0C976260A1482001B76B9 /* CircleAround.swift in Sources */ = {isa = PBXBuildFile; fileRef = AAF0C974260A1482001B76B9 /* CircleAround.swift */; };
		AAF4E322261DD193009C387B /* Cache.swift in Sources */ = {isa = PBXBuildFile; fileRef = AAF4E321261DD193009C387B /* Cache.swift */; };
		AAF4E323261DD193009C387B /* Cache.swift in Sources */ = {isa = PBXBuildFile; fileRef = AAF4E321261DD193009C387B /* Cache.swift */; };
		AAF4F6BA2625C02E00012359 /* SignedUpView.swift in Sources */ = {isa = PBXBuildFile; fileRef = AAF4F6B92625C02E00012359 /* SignedUpView.swift */; };
		AAF4F6BB2625C02E00012359 /* SignedUpView.swift in Sources */ = {isa = PBXBuildFile; fileRef = AAF4F6B92625C02E00012359 /* SignedUpView.swift */; };
		AAF4F6BD2625C0A700012359 /* LoginErrorView.swift in Sources */ = {isa = PBXBuildFile; fileRef = AAF4F6BC2625C0A700012359 /* LoginErrorView.swift */; };
		AAF4F6BE2625C0A700012359 /* LoginErrorView.swift in Sources */ = {isa = PBXBuildFile; fileRef = AAF4F6BC2625C0A700012359 /* LoginErrorView.swift */; };
		AAF4F6C32625C8C600012359 /* ThreePaneLayoutView.swift in Sources */ = {isa = PBXBuildFile; fileRef = AAF4F6C22625C8C600012359 /* ThreePaneLayoutView.swift */; };
		AAF4F6C42625C8C600012359 /* ThreePaneLayoutView.swift in Sources */ = {isa = PBXBuildFile; fileRef = AAF4F6C22625C8C600012359 /* ThreePaneLayoutView.swift */; };
		AAF4F6C52625E07900012359 /* DeviceList.swift in Sources */ = {isa = PBXBuildFile; fileRef = AA02089525F65A3700FD6B24 /* DeviceList.swift */; };
		AAF5054725F11E45003AFED7 /* DataAcquisitionView.swift in Sources */ = {isa = PBXBuildFile; fileRef = AAF5054625F11E45003AFED7 /* DataAcquisitionView.swift */; };
		AAF936AB260226BA00ED9546 /* TwoPaneLayoutView.swift in Sources */ = {isa = PBXBuildFile; fileRef = AAF936AA260226BA00ED9546 /* TwoPaneLayoutView.swift */; };
		AAF936AC260226BA00ED9546 /* TwoPaneLayoutView.swift in Sources */ = {isa = PBXBuildFile; fileRef = AAF936AA260226BA00ED9546 /* TwoPaneLayoutView.swift */; };
		AAFAE5E525ED11CA00A45A90 /* KeychainSwift in Frameworks */ = {isa = PBXBuildFile; productRef = AAFAE5E425ED11CA00A45A90 /* KeychainSwift */; };
		AAFAE5EB25ED14E500A45A90 /* AppData.swift in Sources */ = {isa = PBXBuildFile; fileRef = AAFAE5EA25ED14E500A45A90 /* AppData.swift */; };
		AAFAE5EC25ED14E500A45A90 /* AppData.swift in Sources */ = {isa = PBXBuildFile; fileRef = AAFAE5EA25ED14E500A45A90 /* AppData.swift */; };
		AAFCBE8225E90734001C52B0 /* LoginRequest.swift in Sources */ = {isa = PBXBuildFile; fileRef = AAFCBE8125E90734001C52B0 /* LoginRequest.swift */; };
		AAFEA59D261F0B8C0021B8CF /* CBCentralManager+Ext.swift in Sources */ = {isa = PBXBuildFile; fileRef = C301A34F261DC0B80010717D /* CBCentralManager+Ext.swift */; };
		AAFED87725E7F7F900BB7445 /* NativeLoginView.swift in Sources */ = {isa = PBXBuildFile; fileRef = AAFED87625E7F7F900BB7445 /* NativeLoginView.swift */; };
		AAFED87825E7F7F900BB7445 /* NativeLoginView.swift in Sources */ = {isa = PBXBuildFile; fileRef = AAFED87625E7F7F900BB7445 /* NativeLoginView.swift */; };
		AAFFEB3025FF6A29002287D6 /* HorizontalTabView.swift in Sources */ = {isa = PBXBuildFile; fileRef = AAFFEB2F25FF6A29002287D6 /* HorizontalTabView.swift */; };
		AAFFEB3125FF6A29002287D6 /* HorizontalTabView.swift in Sources */ = {isa = PBXBuildFile; fileRef = AAFFEB2F25FF6A29002287D6 /* HorizontalTabView.swift */; };
		AAFFEB3325FF7A06002287D6 /* ButtonStyles.swift in Sources */ = {isa = PBXBuildFile; fileRef = AAFFEB3225FF7A06002287D6 /* ButtonStyles.swift */; };
		AAFFEB3425FF7A06002287D6 /* ButtonStyles.swift in Sources */ = {isa = PBXBuildFile; fileRef = AAFFEB3225FF7A06002287D6 /* ButtonStyles.swift */; };
		AAFFEB3625FF8EAA002287D6 /* DashboardView+ViewState.swift in Sources */ = {isa = PBXBuildFile; fileRef = AAFFEB3525FF8EAA002287D6 /* DashboardView+ViewState.swift */; };
		AAFFEB3725FF8EAA002287D6 /* DashboardView+ViewState.swift in Sources */ = {isa = PBXBuildFile; fileRef = AAFFEB3525FF8EAA002287D6 /* DashboardView+ViewState.swift */; };
		AAFFEB3925FF9554002287D6 /* NordicError.swift in Sources */ = {isa = PBXBuildFile; fileRef = AAFFEB3825FF9554002287D6 /* NordicError.swift */; };
		AAFFEB3A25FF9554002287D6 /* NordicError.swift in Sources */ = {isa = PBXBuildFile; fileRef = AAFFEB3825FF9554002287D6 /* NordicError.swift */; };
		C301A350261DC0B80010717D /* CBCentralManager+Ext.swift in Sources */ = {isa = PBXBuildFile; fileRef = C301A34F261DC0B80010717D /* CBCentralManager+Ext.swift */; };
		C301A35B261DE9280010717D /* DeviceRemoteHandler.swift in Sources */ = {isa = PBXBuildFile; fileRef = C301A35A261DE9280010717D /* DeviceRemoteHandler.swift */; };
		C301A35C261DE9280010717D /* DeviceRemoteHandler.swift in Sources */ = {isa = PBXBuildFile; fileRef = C301A35A261DE9280010717D /* DeviceRemoteHandler.swift */; };
		C301A369261F12890010717D /* WebSocketManager.swift in Sources */ = {isa = PBXBuildFile; fileRef = C301A368261F12890010717D /* WebSocketManager.swift */; };
		C301A36A261F12890010717D /* WebSocketManager.swift in Sources */ = {isa = PBXBuildFile; fileRef = C301A368261F12890010717D /* WebSocketManager.swift */; };
		C301A379261F36250010717D /* HelloMessage.swift in Sources */ = {isa = PBXBuildFile; fileRef = C301A378261F36250010717D /* HelloMessage.swift */; };
		C301A37A261F36250010717D /* HelloMessage.swift in Sources */ = {isa = PBXBuildFile; fileRef = C301A378261F36250010717D /* HelloMessage.swift */; };
		C33C10C12609791E0097EA5A /* SignalParameters.swift in Sources */ = {isa = PBXBuildFile; fileRef = C33C10BF2609791E0097EA5A /* SignalParameters.swift */; };
		C33C10C22609791E0097EA5A /* SignalParameters.swift in Sources */ = {isa = PBXBuildFile; fileRef = C33C10BF2609791E0097EA5A /* SignalParameters.swift */; };
		C33C10C32609791E0097EA5A /* SignalLevel.swift in Sources */ = {isa = PBXBuildFile; fileRef = C33C10C02609791E0097EA5A /* SignalLevel.swift */; };
		C33C10C42609791E0097EA5A /* SignalLevel.swift in Sources */ = {isa = PBXBuildFile; fileRef = C33C10C02609791E0097EA5A /* SignalLevel.swift */; };
		C37DD499260C89D800D667EA /* AdvertisementData.swift in Sources */ = {isa = PBXBuildFile; fileRef = C37DD498260C89D800D667EA /* AdvertisementData.swift */; };
		C37DD49A260C89D800D667EA /* AdvertisementData.swift in Sources */ = {isa = PBXBuildFile; fileRef = C37DD498260C89D800D667EA /* AdvertisementData.swift */; };
		C37DD4A9260C991900D667EA /* DeviceDetails.swift in Sources */ = {isa = PBXBuildFile; fileRef = C37DD4A8260C991900D667EA /* DeviceDetails.swift */; };
		C37DD4AA260C991900D667EA /* DeviceDetails.swift in Sources */ = {isa = PBXBuildFile; fileRef = C37DD4A8260C991900D667EA /* DeviceDetails.swift */; };
		C37DD4B0260CAA1500D667EA /* HeaderDeviceDetails.swift in Sources */ = {isa = PBXBuildFile; fileRef = C37DD4AF260CAA1500D667EA /* HeaderDeviceDetails.swift */; };
		C37DD4B1260CAA1500D667EA /* HeaderDeviceDetails.swift in Sources */ = {isa = PBXBuildFile; fileRef = C37DD4AF260CAA1500D667EA /* HeaderDeviceDetails.swift */; };
		C3846EE5260B4386005AEF67 /* BluetoothManager.swift in Sources */ = {isa = PBXBuildFile; fileRef = C3846EE4260B4386005AEF67 /* BluetoothManager.swift */; };
		C3846EE6260B4386005AEF67 /* BluetoothManager.swift in Sources */ = {isa = PBXBuildFile; fileRef = C3846EE4260B4386005AEF67 /* BluetoothManager.swift */; };
		C3A3665A260414BC008D82CC /* DeviceRow.swift in Sources */ = {isa = PBXBuildFile; fileRef = C3A36659260414BC008D82CC /* DeviceRow.swift */; };
		C3A3665B260414BC008D82CC /* DeviceRow.swift in Sources */ = {isa = PBXBuildFile; fileRef = C3A36659260414BC008D82CC /* DeviceRow.swift */; };
		C3BF6AAC26244907006330C8 /* Logger+Ext.swift in Sources */ = {isa = PBXBuildFile; fileRef = C3BF6AAB26244907006330C8 /* Logger+Ext.swift */; };
		C3BF6AB12624490B006330C8 /* Logger+Ext.swift in Sources */ = {isa = PBXBuildFile; fileRef = C3BF6AAB26244907006330C8 /* Logger+Ext.swift */; };
/* End PBXBuildFile section */

/* Begin PBXContainerItemProxy section */
		AA03E97125E3EF13003DA9DA /* PBXContainerItemProxy */ = {
			isa = PBXContainerItemProxy;
			containerPortal = AA03E95425E3EF12003DA9DA /* Project object */;
			proxyType = 1;
			remoteGlobalIDString = AA03E95F25E3EF13003DA9DA;
			remoteInfo = "nRF-Edge-Impulse (iOS)";
		};
		AA03E97C25E3EF13003DA9DA /* PBXContainerItemProxy */ = {
			isa = PBXContainerItemProxy;
			containerPortal = AA03E95425E3EF12003DA9DA /* Project object */;
			proxyType = 1;
			remoteGlobalIDString = AA03E96725E3EF13003DA9DA;
			remoteInfo = "nRF-Edge-Impulse (macOS)";
		};
/* End PBXContainerItemProxy section */

/* Begin PBXFileReference section */
		AA008A7625EE422C00F70F75 /* Project.swift */ = {isa = PBXFileReference; lastKnownFileType = sourcecode.swift; path = Project.swift; sourceTree = "<group>"; };
		AA01F3CF25EFACB000368707 /* Assets.swift */ = {isa = PBXFileReference; lastKnownFileType = sourcecode.swift; path = Assets.swift; sourceTree = "<group>"; };
		AA01F3DE25EFDC5000368707 /* Constant.swift */ = {isa = PBXFileReference; lastKnownFileType = sourcecode.swift; path = Constant.swift; sourceTree = "<group>"; };
		AA02086725F641D900FD6B24 /* Sample.swift */ = {isa = PBXFileReference; lastKnownFileType = sourcecode.swift; path = Sample.swift; sourceTree = "<group>"; };
		AA02086E25F648C200FD6B24 /* View.swift */ = {isa = PBXFileReference; lastKnownFileType = sourcecode.swift; path = View.swift; sourceTree = "<group>"; };
		AA02088225F6516D00FD6B24 /* Scanner.swift */ = {isa = PBXFileReference; lastKnownFileType = sourcecode.swift; path = Scanner.swift; sourceTree = "<group>"; };
		AA02088D25F651D100FD6B24 /* ScanResult.swift */ = {isa = PBXFileReference; lastKnownFileType = sourcecode.swift; path = ScanResult.swift; sourceTree = "<group>"; };
		AA02089525F65A3700FD6B24 /* DeviceList.swift */ = {isa = PBXFileReference; lastKnownFileType = sourcecode.swift; path = DeviceList.swift; sourceTree = "<group>"; };
		AA0208A025F65C7600FD6B24 /* LoggedInRootView.swift */ = {isa = PBXFileReference; lastKnownFileType = sourcecode.swift; path = LoggedInRootView.swift; sourceTree = "<group>"; };
		AA0208A825F65EB400FD6B24 /* Tabs.swift */ = {isa = PBXFileReference; lastKnownFileType = sourcecode.swift; path = Tabs.swift; sourceTree = "<group>"; };
		AA03E95925E3EF12003DA9DA /* nRF_Edge_ImpulseApp.swift */ = {isa = PBXFileReference; lastKnownFileType = sourcecode.swift; path = nRF_Edge_ImpulseApp.swift; sourceTree = "<group>"; };
		AA03E95A25E3EF12003DA9DA /* ContentView.swift */ = {isa = PBXFileReference; lastKnownFileType = sourcecode.swift; path = ContentView.swift; sourceTree = "<group>"; };
		AA03E95B25E3EF13003DA9DA /* Assets.xcassets */ = {isa = PBXFileReference; lastKnownFileType = folder.assetcatalog; path = Assets.xcassets; sourceTree = "<group>"; };
		AA03E96025E3EF13003DA9DA /* nRF-Edge-Impulse.app */ = {isa = PBXFileReference; explicitFileType = wrapper.application; includeInIndex = 0; path = "nRF-Edge-Impulse.app"; sourceTree = BUILT_PRODUCTS_DIR; };
		AA03E96325E3EF13003DA9DA /* Info.plist */ = {isa = PBXFileReference; lastKnownFileType = text.plist.xml; path = Info.plist; sourceTree = "<group>"; };
		AA03E96825E3EF13003DA9DA /* nRF-Edge-Impulse.app */ = {isa = PBXFileReference; explicitFileType = wrapper.application; includeInIndex = 0; path = "nRF-Edge-Impulse.app"; sourceTree = BUILT_PRODUCTS_DIR; };
		AA03E96A25E3EF13003DA9DA /* Info.plist */ = {isa = PBXFileReference; lastKnownFileType = text.plist.xml; path = Info.plist; sourceTree = "<group>"; };
		AA03E96B25E3EF13003DA9DA /* macOS.entitlements */ = {isa = PBXFileReference; lastKnownFileType = text.plist.entitlements; path = macOS.entitlements; sourceTree = "<group>"; };
		AA03E97025E3EF13003DA9DA /* Tests iOS.xctest */ = {isa = PBXFileReference; explicitFileType = wrapper.cfbundle; includeInIndex = 0; path = "Tests iOS.xctest"; sourceTree = BUILT_PRODUCTS_DIR; };
		AA03E97425E3EF13003DA9DA /* Tests_iOS.swift */ = {isa = PBXFileReference; lastKnownFileType = sourcecode.swift; path = Tests_iOS.swift; sourceTree = "<group>"; };
		AA03E97625E3EF13003DA9DA /* Info.plist */ = {isa = PBXFileReference; lastKnownFileType = text.plist.xml; path = Info.plist; sourceTree = "<group>"; };
		AA03E97B25E3EF13003DA9DA /* Tests macOS.xctest */ = {isa = PBXFileReference; explicitFileType = wrapper.cfbundle; includeInIndex = 0; path = "Tests macOS.xctest"; sourceTree = BUILT_PRODUCTS_DIR; };
		AA03E97F25E3EF13003DA9DA /* Tests_macOS.swift */ = {isa = PBXFileReference; lastKnownFileType = sourcecode.swift; path = Tests_macOS.swift; sourceTree = "<group>"; };
		AA03E98125E3EF13003DA9DA /* Info.plist */ = {isa = PBXFileReference; lastKnownFileType = text.plist.xml; path = Info.plist; sourceTree = "<group>"; };
		AA0D81282608C03A00AE615A /* DeploymentView.swift */ = {isa = PBXFileReference; lastKnownFileType = sourcecode.swift; path = DeploymentView.swift; sourceTree = "<group>"; };
		AA0D812B2608F62700AE615A /* DeploymentViewState.swift */ = {isa = PBXFileReference; lastKnownFileType = sourcecode.swift; path = DeploymentViewState.swift; sourceTree = "<group>"; };
		AA0D90AD260E1F1100A455B7 /* nRF_Edge_ImpulseApp.swift */ = {isa = PBXFileReference; lastKnownFileType = sourcecode.swift; path = nRF_Edge_ImpulseApp.swift; sourceTree = "<group>"; };
		AA1016FB25E9173A006DC88A /* Network.swift */ = {isa = PBXFileReference; lastKnownFileType = sourcecode.swift; path = Network.swift; sourceTree = "<group>"; };
		AA10170225E91885006DC88A /* HTTPRequest.swift */ = {isa = PBXFileReference; lastKnownFileType = sourcecode.swift; path = HTTPRequest.swift; sourceTree = "<group>"; };
		AA14CA74261490CD004F08FE /* Codable.swift */ = {isa = PBXFileReference; lastKnownFileType = sourcecode.swift; path = Codable.swift; sourceTree = "<group>"; };
		AA1F07A325F7989400CC41A9 /* BluetoothError.swift */ = {isa = PBXFileReference; lastKnownFileType = sourcecode.swift; path = BluetoothError.swift; sourceTree = "<group>"; };
		AA263F05260385690018CF5B /* DataAcquisitionView.swift */ = {isa = PBXFileReference; lastKnownFileType = sourcecode.swift; path = DataAcquisitionView.swift; sourceTree = "<group>"; };
		AA284058261F4DFC00EB8637 /* AppHeaderView.swift */ = {isa = PBXFileReference; lastKnownFileType = sourcecode.swift; path = AppHeaderView.swift; sourceTree = "<group>"; };
		AA28405B261F4F3D00EB8637 /* UsernameField.swift */ = {isa = PBXFileReference; lastKnownFileType = sourcecode.swift; path = UsernameField.swift; sourceTree = "<group>"; };
		AA28405E261F537C00EB8637 /* PasswordField.swift */ = {isa = PBXFileReference; lastKnownFileType = sourcecode.swift; path = PasswordField.swift; sourceTree = "<group>"; };
		AA386B08260CEDD60079F12D /* Previews.swift */ = {isa = PBXFileReference; lastKnownFileType = sourcecode.swift; path = Previews.swift; sourceTree = "<group>"; };
		AA43B2A725FA574F00C5B5EE /* TabBarLayoutView.swift */ = {isa = PBXFileReference; lastKnownFileType = sourcecode.swift; path = TabBarLayoutView.swift; sourceTree = "<group>"; };
		AA53550F261C7AFC007B2C94 /* CollaboratorRow.swift */ = {isa = PBXFileReference; lastKnownFileType = sourcecode.swift; path = CollaboratorRow.swift; sourceTree = "<group>"; };
		AA535512261C7DA1007B2C94 /* CollaboratorsDisclosureView.swift */ = {isa = PBXFileReference; lastKnownFileType = sourcecode.swift; path = CollaboratorsDisclosureView.swift; sourceTree = "<group>"; };
		AA535518261C896B007B2C94 /* CollaboratorsDisclosureView.swift */ = {isa = PBXFileReference; lastKnownFileType = sourcecode.swift; path = CollaboratorsDisclosureView.swift; sourceTree = "<group>"; };
		AA80988325EE518F00091AC0 /* ProjectRow.swift */ = {isa = PBXFileReference; lastKnownFileType = sourcecode.swift; path = ProjectRow.swift; sourceTree = "<group>"; };
		AA80989925EE959B00091AC0 /* Publishers.swift */ = {isa = PBXFileReference; lastKnownFileType = sourcecode.swift; path = Publishers.swift; sourceTree = "<group>"; };
		AA8EC8B3261F30A900FBE990 /* Modifiers.swift */ = {isa = PBXFileReference; lastKnownFileType = sourcecode.swift; path = Modifiers.swift; sourceTree = "<group>"; };
		AA92BEF02611F9E400BED04B /* ResourceData.swift */ = {isa = PBXFileReference; lastKnownFileType = sourcecode.swift; path = ResourceData.swift; sourceTree = "<group>"; };
		AA92BEF92612064E00BED04B /* ResourcesRequest.swift */ = {isa = PBXFileReference; lastKnownFileType = sourcecode.swift; path = ResourcesRequest.swift; sourceTree = "<group>"; };
		AAA584F02604C4D500AB5BF9 /* DataAcquisitionViewState.swift */ = {isa = PBXFileReference; lastKnownFileType = sourcecode.swift; path = DataAcquisitionViewState.swift; sourceTree = "<group>"; };
		AAA87ADC261B143B0097EA74 /* String.swift */ = {isa = PBXFileReference; lastKnownFileType = sourcecode.swift; path = String.swift; sourceTree = "<group>"; };
		AAA87AE2261B28F50097EA74 /* URLImage.swift */ = {isa = PBXFileReference; lastKnownFileType = sourcecode.swift; path = URLImage.swift; sourceTree = "<group>"; };
		AACCBA862600BF370042E87B /* nRF-Edge-Impulse.entitlements */ = {isa = PBXFileReference; lastKnownFileType = text.plist.entitlements; path = "nRF-Edge-Impulse.entitlements"; sourceTree = "<group>"; };
		AACCBA872600C32C0042E87B /* ErrorView.swift */ = {isa = PBXFileReference; lastKnownFileType = sourcecode.swift; path = ErrorView.swift; sourceTree = "<group>"; };
		AAE5B63425F23A4500AA003D /* sample_projects.json */ = {isa = PBXFileReference; lastKnownFileType = text.json; path = sample_projects.json; sourceTree = "<group>"; };
		AAF0C9682609FEBE001B76B9 /* GetCurrentUserRequest.swift */ = {isa = PBXFileReference; lastKnownFileType = sourcecode.swift; path = GetCurrentUserRequest.swift; sourceTree = "<group>"; };
		AAF0C96B260A0210001B76B9 /* DashboardView.swift */ = {isa = PBXFileReference; lastKnownFileType = sourcecode.swift; path = DashboardView.swift; sourceTree = "<group>"; };
		AAF0C96E260A069F001B76B9 /* User.swift */ = {isa = PBXFileReference; lastKnownFileType = sourcecode.swift; path = User.swift; sourceTree = "<group>"; };
		AAF0C971260A121B001B76B9 /* UserView.swift */ = {isa = PBXFileReference; lastKnownFileType = sourcecode.swift; path = UserView.swift; sourceTree = "<group>"; };
		AAF0C974260A1482001B76B9 /* CircleAround.swift */ = {isa = PBXFileReference; lastKnownFileType = sourcecode.swift; path = CircleAround.swift; sourceTree = "<group>"; };
		AAF4E321261DD193009C387B /* Cache.swift */ = {isa = PBXFileReference; lastKnownFileType = sourcecode.swift; path = Cache.swift; sourceTree = "<group>"; };
		AAF4F6B92625C02E00012359 /* SignedUpView.swift */ = {isa = PBXFileReference; lastKnownFileType = sourcecode.swift; path = SignedUpView.swift; sourceTree = "<group>"; };
		AAF4F6BC2625C0A700012359 /* LoginErrorView.swift */ = {isa = PBXFileReference; lastKnownFileType = sourcecode.swift; path = LoginErrorView.swift; sourceTree = "<group>"; };
		AAF4F6C22625C8C600012359 /* ThreePaneLayoutView.swift */ = {isa = PBXFileReference; lastKnownFileType = sourcecode.swift; path = ThreePaneLayoutView.swift; sourceTree = "<group>"; };
		AAF5054625F11E45003AFED7 /* DataAcquisitionView.swift */ = {isa = PBXFileReference; lastKnownFileType = sourcecode.swift; path = DataAcquisitionView.swift; sourceTree = "<group>"; };
		AAF936AA260226BA00ED9546 /* TwoPaneLayoutView.swift */ = {isa = PBXFileReference; lastKnownFileType = sourcecode.swift; path = TwoPaneLayoutView.swift; sourceTree = "<group>"; };
		AAFAE5EA25ED14E500A45A90 /* AppData.swift */ = {isa = PBXFileReference; lastKnownFileType = sourcecode.swift; path = AppData.swift; sourceTree = "<group>"; };
		AAFCBE8125E90734001C52B0 /* LoginRequest.swift */ = {isa = PBXFileReference; lastKnownFileType = sourcecode.swift; path = LoginRequest.swift; sourceTree = "<group>"; };
		AAFED87625E7F7F900BB7445 /* NativeLoginView.swift */ = {isa = PBXFileReference; lastKnownFileType = sourcecode.swift; path = NativeLoginView.swift; sourceTree = "<group>"; };
		AAFFEB2F25FF6A29002287D6 /* HorizontalTabView.swift */ = {isa = PBXFileReference; lastKnownFileType = sourcecode.swift; path = HorizontalTabView.swift; sourceTree = "<group>"; };
		AAFFEB3225FF7A06002287D6 /* ButtonStyles.swift */ = {isa = PBXFileReference; lastKnownFileType = sourcecode.swift; path = ButtonStyles.swift; sourceTree = "<group>"; };
		AAFFEB3525FF8EAA002287D6 /* DashboardView+ViewState.swift */ = {isa = PBXFileReference; lastKnownFileType = sourcecode.swift; path = "DashboardView+ViewState.swift"; sourceTree = "<group>"; };
		AAFFEB3825FF9554002287D6 /* NordicError.swift */ = {isa = PBXFileReference; lastKnownFileType = sourcecode.swift; path = NordicError.swift; sourceTree = "<group>"; };
		C301A34F261DC0B80010717D /* CBCentralManager+Ext.swift */ = {isa = PBXFileReference; lastKnownFileType = sourcecode.swift; path = "CBCentralManager+Ext.swift"; sourceTree = "<group>"; };
		C301A35A261DE9280010717D /* DeviceRemoteHandler.swift */ = {isa = PBXFileReference; lastKnownFileType = sourcecode.swift; path = DeviceRemoteHandler.swift; sourceTree = "<group>"; };
		C301A368261F12890010717D /* WebSocketManager.swift */ = {isa = PBXFileReference; lastKnownFileType = sourcecode.swift; path = WebSocketManager.swift; sourceTree = "<group>"; };
		C301A378261F36250010717D /* HelloMessage.swift */ = {isa = PBXFileReference; lastKnownFileType = sourcecode.swift; path = HelloMessage.swift; sourceTree = "<group>"; };
		C33C10BF2609791E0097EA5A /* SignalParameters.swift */ = {isa = PBXFileReference; fileEncoding = 4; lastKnownFileType = sourcecode.swift; path = SignalParameters.swift; sourceTree = "<group>"; };
		C33C10C02609791E0097EA5A /* SignalLevel.swift */ = {isa = PBXFileReference; fileEncoding = 4; lastKnownFileType = sourcecode.swift; path = SignalLevel.swift; sourceTree = "<group>"; };
		C37DD498260C89D800D667EA /* AdvertisementData.swift */ = {isa = PBXFileReference; lastKnownFileType = sourcecode.swift; path = AdvertisementData.swift; sourceTree = "<group>"; };
		C37DD4A8260C991900D667EA /* DeviceDetails.swift */ = {isa = PBXFileReference; lastKnownFileType = sourcecode.swift; path = DeviceDetails.swift; sourceTree = "<group>"; };
		C37DD4AF260CAA1500D667EA /* HeaderDeviceDetails.swift */ = {isa = PBXFileReference; lastKnownFileType = sourcecode.swift; path = HeaderDeviceDetails.swift; sourceTree = "<group>"; };
		C3846EE4260B4386005AEF67 /* BluetoothManager.swift */ = {isa = PBXFileReference; lastKnownFileType = sourcecode.swift; path = BluetoothManager.swift; sourceTree = "<group>"; };
		C3A36659260414BC008D82CC /* DeviceRow.swift */ = {isa = PBXFileReference; lastKnownFileType = sourcecode.swift; path = DeviceRow.swift; sourceTree = "<group>"; };
		C3BF6AAB26244907006330C8 /* Logger+Ext.swift */ = {isa = PBXFileReference; lastKnownFileType = sourcecode.swift; path = "Logger+Ext.swift"; sourceTree = "<group>"; };
/* End PBXFileReference section */

/* Begin PBXFrameworksBuildPhase section */
		AA03E95D25E3EF13003DA9DA /* Frameworks */ = {
			isa = PBXFrameworksBuildPhase;
			buildActionMask = 2147483647;
			files = (
				AAFAE5E525ED11CA00A45A90 /* KeychainSwift in Frameworks */,
			);
			runOnlyForDeploymentPostprocessing = 0;
		};
		AA03E96525E3EF13003DA9DA /* Frameworks */ = {
			isa = PBXFrameworksBuildPhase;
			buildActionMask = 2147483647;
			files = (
				AA7F5DE325F8F57D00185328 /* KeychainSwift in Frameworks */,
			);
			runOnlyForDeploymentPostprocessing = 0;
		};
		AA03E96D25E3EF13003DA9DA /* Frameworks */ = {
			isa = PBXFrameworksBuildPhase;
			buildActionMask = 2147483647;
			files = (
			);
			runOnlyForDeploymentPostprocessing = 0;
		};
		AA03E97825E3EF13003DA9DA /* Frameworks */ = {
			isa = PBXFrameworksBuildPhase;
			buildActionMask = 2147483647;
			files = (
			);
			runOnlyForDeploymentPostprocessing = 0;
		};
/* End PBXFrameworksBuildPhase section */

/* Begin PBXGroup section */
		AA008A7D25EE4BBC00F70F75 /* Dashboard */ = {
			isa = PBXGroup;
			children = (
				AA535515261C7FEF007B2C94 /* Project */,
				AACCBA872600C32C0042E87B /* ErrorView.swift */,
				AAF0C96B260A0210001B76B9 /* DashboardView.swift */,
				AAFFEB3525FF8EAA002287D6 /* DashboardView+ViewState.swift */,
				AAF0C971260A121B001B76B9 /* UserView.swift */,
			);
			path = Dashboard;
			sourceTree = "<group>";
		};
		AA02088125F6515900FD6B24 /* Bluetooth */ = {
			isa = PBXGroup;
			children = (
				C3846EDB260B2F2C005AEF67 /* Scanner */,
				C37DD493260C894700D667EA /* BluetoothManager */,
			);
			path = Bluetooth;
			sourceTree = "<group>";
		};
		AA02089425F654C300FD6B24 /* Devices */ = {
			isa = PBXGroup;
			children = (
				C37DD4A7260C98EA00D667EA /* DeviceDetails */,
				C3A36659260414BC008D82CC /* DeviceRow.swift */,
				AA02089525F65A3700FD6B24 /* DeviceList.swift */,
				C33C10C02609791E0097EA5A /* SignalLevel.swift */,
				C33C10BF2609791E0097EA5A /* SignalParameters.swift */,
			);
			path = Devices;
			sourceTree = "<group>";
		};
		AA0208A725F65E9500FD6B24 /* LoggedIn */ = {
			isa = PBXGroup;
			children = (
				AA008A7D25EE4BBC00F70F75 /* Dashboard */,
				AA02089425F654C300FD6B24 /* Devices */,
				AAF5054525F11E15003AFED7 /* Data */,
				AA0D81272608C00F00AE615A /* Deployment */,
				AAFFEB2F25FF6A29002287D6 /* HorizontalTabView.swift */,
				AA0208A025F65C7600FD6B24 /* LoggedInRootView.swift */,
				AA43B2A725FA574F00C5B5EE /* TabBarLayoutView.swift */,
				AAF936AA260226BA00ED9546 /* TwoPaneLayoutView.swift */,
				AAF4F6C22625C8C600012359 /* ThreePaneLayoutView.swift */,
				AA0208A825F65EB400FD6B24 /* Tabs.swift */,
			);
			path = LoggedIn;
			sourceTree = "<group>";
		};
		AA03E95325E3EF12003DA9DA = {
			isa = PBXGroup;
			children = (
				AACCBA862600BF370042E87B /* nRF-Edge-Impulse.entitlements */,
				AA03E95825E3EF12003DA9DA /* Shared */,
				AA03E96225E3EF13003DA9DA /* iOS */,
				AA03E96925E3EF13003DA9DA /* macOS */,
				AA03E97325E3EF13003DA9DA /* Tests iOS */,
				AA03E97E25E3EF13003DA9DA /* Tests macOS */,
				AA03E96125E3EF13003DA9DA /* Products */,
				AA7F5DE125F8F57D00185328 /* Frameworks */,
			);
			sourceTree = "<group>";
		};
		AA03E95825E3EF12003DA9DA /* Shared */ = {
			isa = PBXGroup;
			children = (
				AAFED86725E7DE7C00BB7445 /* Views */,
				AAFED86825E7DE8400BB7445 /* State */,
				C301A359261DE9080010717D /* RemoteManagement */,
				AA02088125F6515900FD6B24 /* Bluetooth */,
				AAFED86925E7DE8D00BB7445 /* Network */,
				AAFED87D25E7FFF000BB7445 /* Utilities */,
				AAFED86625E7DE6900BB7445 /* Supporting Files */,
			);
			path = Shared;
			sourceTree = "<group>";
		};
		AA03E96125E3EF13003DA9DA /* Products */ = {
			isa = PBXGroup;
			children = (
				AA03E96025E3EF13003DA9DA /* nRF-Edge-Impulse.app */,
				AA03E96825E3EF13003DA9DA /* nRF-Edge-Impulse.app */,
				AA03E97025E3EF13003DA9DA /* Tests iOS.xctest */,
				AA03E97B25E3EF13003DA9DA /* Tests macOS.xctest */,
			);
			name = Products;
			sourceTree = "<group>";
		};
		AA03E96225E3EF13003DA9DA /* iOS */ = {
			isa = PBXGroup;
			children = (
				AA03E96325E3EF13003DA9DA /* Info.plist */,
			);
			path = iOS;
			sourceTree = "<group>";
		};
		AA03E96925E3EF13003DA9DA /* macOS */ = {
			isa = PBXGroup;
			children = (
				AA263F022603854D0018CF5B /* Views */,
				AA03E96A25E3EF13003DA9DA /* Info.plist */,
				AA03E96B25E3EF13003DA9DA /* macOS.entitlements */,
				AA0D90AD260E1F1100A455B7 /* nRF_Edge_ImpulseApp.swift */,
			);
			path = macOS;
			sourceTree = "<group>";
		};
		AA03E97325E3EF13003DA9DA /* Tests iOS */ = {
			isa = PBXGroup;
			children = (
				AA03E97425E3EF13003DA9DA /* Tests_iOS.swift */,
				AA03E97625E3EF13003DA9DA /* Info.plist */,
			);
			path = "Tests iOS";
			sourceTree = "<group>";
		};
		AA03E97E25E3EF13003DA9DA /* Tests macOS */ = {
			isa = PBXGroup;
			children = (
				AA03E97F25E3EF13003DA9DA /* Tests_macOS.swift */,
				AA03E98125E3EF13003DA9DA /* Info.plist */,
			);
			path = "Tests macOS";
			sourceTree = "<group>";
		};
		AA0D81272608C00F00AE615A /* Deployment */ = {
			isa = PBXGroup;
			children = (
				AA0D81282608C03A00AE615A /* DeploymentView.swift */,
				AA0D812B2608F62700AE615A /* DeploymentViewState.swift */,
			);
			path = Deployment;
			sourceTree = "<group>";
		};
		AA263F022603854D0018CF5B /* Views */ = {
			isa = PBXGroup;
			children = (
				AA263F03260385530018CF5B /* LoggedIn */,
			);
			path = Views;
			sourceTree = "<group>";
		};
		AA263F03260385530018CF5B /* LoggedIn */ = {
			isa = PBXGroup;
			children = (
				AA535516261C8940007B2C94 /* Dashboard */,
				AA263F04260385590018CF5B /* DataAcquisition */,
			);
			path = LoggedIn;
			sourceTree = "<group>";
		};
		AA263F04260385590018CF5B /* DataAcquisition */ = {
			isa = PBXGroup;
			children = (
				AA263F05260385690018CF5B /* DataAcquisitionView.swift */,
			);
			path = DataAcquisition;
			sourceTree = "<group>";
		};
		AA535515261C7FEF007B2C94 /* Project */ = {
			isa = PBXGroup;
			children = (
				AA53550F261C7AFC007B2C94 /* CollaboratorRow.swift */,
				AA535512261C7DA1007B2C94 /* CollaboratorsDisclosureView.swift */,
				AA80988325EE518F00091AC0 /* ProjectRow.swift */,
			);
			path = Project;
			sourceTree = "<group>";
		};
		AA535516261C8940007B2C94 /* Dashboard */ = {
			isa = PBXGroup;
			children = (
				AA535517261C8947007B2C94 /* Project */,
			);
			path = Dashboard;
			sourceTree = "<group>";
		};
		AA535517261C8947007B2C94 /* Project */ = {
			isa = PBXGroup;
			children = (
				AA535518261C896B007B2C94 /* CollaboratorsDisclosureView.swift */,
			);
			path = Project;
			sourceTree = "<group>";
		};
		AA7F5DE125F8F57D00185328 /* Frameworks */ = {
			isa = PBXGroup;
			children = (
			);
			name = Frameworks;
			sourceTree = "<group>";
		};
		AAF5054525F11E15003AFED7 /* Data */ = {
			isa = PBXGroup;
			children = (
				AAF5054625F11E45003AFED7 /* DataAcquisitionView.swift */,
				AAA584F02604C4D500AB5BF9 /* DataAcquisitionViewState.swift */,
			);
			path = Data;
			sourceTree = "<group>";
		};
		AAFCBE8025E90720001C52B0 /* Requests */ = {
			isa = PBXGroup;
			children = (
				AA10170225E91885006DC88A /* HTTPRequest.swift */,
				AAFCBE8125E90734001C52B0 /* LoginRequest.swift */,
				AAF0C9682609FEBE001B76B9 /* GetCurrentUserRequest.swift */,
				AA92BEF92612064E00BED04B /* ResourcesRequest.swift */,
			);
			path = Requests;
			sourceTree = "<group>";
		};
		AAFED86625E7DE6900BB7445 /* Supporting Files */ = {
			isa = PBXGroup;
			children = (
				AA03E95B25E3EF13003DA9DA /* Assets.xcassets */,
				AAE5B63425F23A4500AA003D /* sample_projects.json */,
			);
			path = "Supporting Files";
			sourceTree = "<group>";
		};
		AAFED86725E7DE7C00BB7445 /* Views */ = {
			isa = PBXGroup;
			children = (
				AAFED87525E7F7E800BB7445 /* LoggedOut */,
				AA0208A725F65E9500FD6B24 /* LoggedIn */,
				AA284058261F4DFC00EB8637 /* AppHeaderView.swift */,
				AA03E95A25E3EF12003DA9DA /* ContentView.swift */,
				AA03E95925E3EF12003DA9DA /* nRF_Edge_ImpulseApp.swift */,
			);
			path = Views;
			sourceTree = "<group>";
		};
		AAFED86825E7DE8400BB7445 /* State */ = {
			isa = PBXGroup;
			children = (
				AAFAE5EA25ED14E500A45A90 /* AppData.swift */,
				AAF0C96E260A069F001B76B9 /* User.swift */,
				AA008A7625EE422C00F70F75 /* Project.swift */,
				AA02086725F641D900FD6B24 /* Sample.swift */,
				AA92BEF02611F9E400BED04B /* ResourceData.swift */,
			);
			path = State;
			sourceTree = "<group>";
		};
		AAFED86925E7DE8D00BB7445 /* Network */ = {
			isa = PBXGroup;
			children = (
				C301A367261F11DA0010717D /* WebSockets */,
				AAFCBE8025E90720001C52B0 /* Requests */,
				AAA87AE2261B28F50097EA74 /* URLImage.swift */,
				AA1016FB25E9173A006DC88A /* Network.swift */,
			);
			path = Network;
			sourceTree = "<group>";
		};
		AAFED87525E7F7E800BB7445 /* LoggedOut */ = {
			isa = PBXGroup;
			children = (
				AA28405B261F4F3D00EB8637 /* UsernameField.swift */,
				AA28405E261F537C00EB8637 /* PasswordField.swift */,
				AAF4F6BC2625C0A700012359 /* LoginErrorView.swift */,
				AAF4F6B92625C02E00012359 /* SignedUpView.swift */,
				AAFED87625E7F7F900BB7445 /* NativeLoginView.swift */,
			);
			path = LoggedOut;
			sourceTree = "<group>";
		};
		AAFED87D25E7FFF000BB7445 /* Utilities */ = {
			isa = PBXGroup;
			children = (
				C301A34E261DC09D0010717D /* Extensions */,
				AA01F3CF25EFACB000368707 /* Assets.swift */,
				AA01F3DE25EFDC5000368707 /* Constant.swift */,
				AA14CA74261490CD004F08FE /* Codable.swift */,
				AAFFEB3225FF7A06002287D6 /* ButtonStyles.swift */,
				AA8EC8B3261F30A900FBE990 /* Modifiers.swift */,
				AAF0C974260A1482001B76B9 /* CircleAround.swift */,
				AAFFEB3825FF9554002287D6 /* NordicError.swift */,
				AA386B08260CEDD60079F12D /* Previews.swift */,
				AAF4E321261DD193009C387B /* Cache.swift */,
			);
			path = Utilities;
			sourceTree = "<group>";
		};
		C301A34E261DC09D0010717D /* Extensions */ = {
			isa = PBXGroup;
			children = (
				C301A34F261DC0B80010717D /* CBCentralManager+Ext.swift */,
				C3BF6AAB26244907006330C8 /* Logger+Ext.swift */,
				AA80989925EE959B00091AC0 /* Publishers.swift */,
				AA02086E25F648C200FD6B24 /* View.swift */,
				AAA87ADC261B143B0097EA74 /* String.swift */,
			);
			path = Extensions;
			sourceTree = "<group>";
		};
		C301A359261DE9080010717D /* RemoteManagement */ = {
			isa = PBXGroup;
			children = (
				C301A35A261DE9280010717D /* DeviceRemoteHandler.swift */,
				C301A377261F33BA0010717D /* Models */,
			);
			path = RemoteManagement;
			sourceTree = "<group>";
		};
		C301A367261F11DA0010717D /* WebSockets */ = {
			isa = PBXGroup;
			children = (
				C301A368261F12890010717D /* WebSocketManager.swift */,
			);
			path = WebSockets;
			sourceTree = "<group>";
		};
		C301A377261F33BA0010717D /* Models */ = {
			isa = PBXGroup;
			children = (
				C301A378261F36250010717D /* HelloMessage.swift */,
			);
			path = Models;
			sourceTree = "<group>";
		};
		C37DD493260C894700D667EA /* BluetoothManager */ = {
			isa = PBXGroup;
			children = (
				C3846EE4260B4386005AEF67 /* BluetoothManager.swift */,
			);
			path = BluetoothManager;
			sourceTree = "<group>";
		};
		C37DD4A7260C98EA00D667EA /* DeviceDetails */ = {
			isa = PBXGroup;
			children = (
				C37DD4A8260C991900D667EA /* DeviceDetails.swift */,
				C37DD4AF260CAA1500D667EA /* HeaderDeviceDetails.swift */,
			);
			path = DeviceDetails;
			sourceTree = "<group>";
		};
		C3846EDB260B2F2C005AEF67 /* Scanner */ = {
			isa = PBXGroup;
			children = (
				AA02088225F6516D00FD6B24 /* Scanner.swift */,
				AA02088D25F651D100FD6B24 /* ScanResult.swift */,
				C37DD498260C89D800D667EA /* AdvertisementData.swift */,
				AA1F07A325F7989400CC41A9 /* BluetoothError.swift */,
			);
			path = Scanner;
			sourceTree = "<group>";
		};
/* End PBXGroup section */

/* Begin PBXNativeTarget section */
		AA03E95F25E3EF13003DA9DA /* nRF-Edge-Impulse (iOS) */ = {
			isa = PBXNativeTarget;
			buildConfigurationList = AA03E98A25E3EF13003DA9DA /* Build configuration list for PBXNativeTarget "nRF-Edge-Impulse (iOS)" */;
			buildPhases = (
				AA03E95C25E3EF13003DA9DA /* Sources */,
				AA03E95D25E3EF13003DA9DA /* Frameworks */,
				AA03E95E25E3EF13003DA9DA /* Resources */,
				AA9C4E6B26025DA4004FCABF /* ShellScript */,
			);
			buildRules = (
			);
			dependencies = (
			);
			name = "nRF-Edge-Impulse (iOS)";
			packageProductDependencies = (
				AAFAE5E425ED11CA00A45A90 /* KeychainSwift */,
			);
			productName = "nRF-Edge-Impulse (iOS)";
			productReference = AA03E96025E3EF13003DA9DA /* nRF-Edge-Impulse.app */;
			productType = "com.apple.product-type.application";
		};
		AA03E96725E3EF13003DA9DA /* nRF-Edge-Impulse (macOS) */ = {
			isa = PBXNativeTarget;
			buildConfigurationList = AA03E98D25E3EF13003DA9DA /* Build configuration list for PBXNativeTarget "nRF-Edge-Impulse (macOS)" */;
			buildPhases = (
				AA03E96425E3EF13003DA9DA /* Sources */,
				AA03E96525E3EF13003DA9DA /* Frameworks */,
				AA03E96625E3EF13003DA9DA /* Resources */,
			);
			buildRules = (
			);
			dependencies = (
			);
			name = "nRF-Edge-Impulse (macOS)";
			packageProductDependencies = (
				AA7F5DE225F8F57D00185328 /* KeychainSwift */,
			);
			productName = "nRF-Edge-Impulse (macOS)";
			productReference = AA03E96825E3EF13003DA9DA /* nRF-Edge-Impulse.app */;
			productType = "com.apple.product-type.application";
		};
		AA03E96F25E3EF13003DA9DA /* Tests iOS */ = {
			isa = PBXNativeTarget;
			buildConfigurationList = AA03E99025E3EF13003DA9DA /* Build configuration list for PBXNativeTarget "Tests iOS" */;
			buildPhases = (
				AA03E96C25E3EF13003DA9DA /* Sources */,
				AA03E96D25E3EF13003DA9DA /* Frameworks */,
				AA03E96E25E3EF13003DA9DA /* Resources */,
			);
			buildRules = (
			);
			dependencies = (
				AA03E97225E3EF13003DA9DA /* PBXTargetDependency */,
			);
			name = "Tests iOS";
			productName = "Tests iOS";
			productReference = AA03E97025E3EF13003DA9DA /* Tests iOS.xctest */;
			productType = "com.apple.product-type.bundle.ui-testing";
		};
		AA03E97A25E3EF13003DA9DA /* Tests macOS */ = {
			isa = PBXNativeTarget;
			buildConfigurationList = AA03E99325E3EF13003DA9DA /* Build configuration list for PBXNativeTarget "Tests macOS" */;
			buildPhases = (
				AA03E97725E3EF13003DA9DA /* Sources */,
				AA03E97825E3EF13003DA9DA /* Frameworks */,
				AA03E97925E3EF13003DA9DA /* Resources */,
			);
			buildRules = (
			);
			dependencies = (
				AA03E97D25E3EF13003DA9DA /* PBXTargetDependency */,
			);
			name = "Tests macOS";
			productName = "Tests macOS";
			productReference = AA03E97B25E3EF13003DA9DA /* Tests macOS.xctest */;
			productType = "com.apple.product-type.bundle.ui-testing";
		};
/* End PBXNativeTarget section */

/* Begin PBXProject section */
		AA03E95425E3EF12003DA9DA /* Project object */ = {
			isa = PBXProject;
			attributes = {
				LastSwiftUpdateCheck = 1240;
				LastUpgradeCheck = 1240;
				TargetAttributes = {
					AA03E95F25E3EF13003DA9DA = {
						CreatedOnToolsVersion = 12.4;
					};
					AA03E96725E3EF13003DA9DA = {
						CreatedOnToolsVersion = 12.4;
					};
					AA03E96F25E3EF13003DA9DA = {
						CreatedOnToolsVersion = 12.4;
						TestTargetID = AA03E95F25E3EF13003DA9DA;
					};
					AA03E97A25E3EF13003DA9DA = {
						CreatedOnToolsVersion = 12.4;
						TestTargetID = AA03E96725E3EF13003DA9DA;
					};
				};
			};
			buildConfigurationList = AA03E95725E3EF12003DA9DA /* Build configuration list for PBXProject "nRF-Edge-Impulse" */;
			compatibilityVersion = "Xcode 9.3";
			developmentRegion = en;
			hasScannedForEncodings = 0;
			knownRegions = (
				en,
				Base,
			);
			mainGroup = AA03E95325E3EF12003DA9DA;
			packageReferences = (
				AAFAE5E325ED11CA00A45A90 /* XCRemoteSwiftPackageReference "keychain-swift" */,
			);
			productRefGroup = AA03E96125E3EF13003DA9DA /* Products */;
			projectDirPath = "";
			projectRoot = "";
			targets = (
				AA03E95F25E3EF13003DA9DA /* nRF-Edge-Impulse (iOS) */,
				AA03E96725E3EF13003DA9DA /* nRF-Edge-Impulse (macOS) */,
				AA03E96F25E3EF13003DA9DA /* Tests iOS */,
				AA03E97A25E3EF13003DA9DA /* Tests macOS */,
			);
		};
/* End PBXProject section */

/* Begin PBXResourcesBuildPhase section */
		AA03E95E25E3EF13003DA9DA /* Resources */ = {
			isa = PBXResourcesBuildPhase;
			buildActionMask = 2147483647;
			files = (
				AA03E98625E3EF13003DA9DA /* Assets.xcassets in Resources */,
				AAE5B63525F23A4500AA003D /* sample_projects.json in Resources */,
			);
			runOnlyForDeploymentPostprocessing = 0;
		};
		AA03E96625E3EF13003DA9DA /* Resources */ = {
			isa = PBXResourcesBuildPhase;
			buildActionMask = 2147483647;
			files = (
				AA03E98725E3EF13003DA9DA /* Assets.xcassets in Resources */,
				AAE5B63625F23A4500AA003D /* sample_projects.json in Resources */,
			);
			runOnlyForDeploymentPostprocessing = 0;
		};
		AA03E96E25E3EF13003DA9DA /* Resources */ = {
			isa = PBXResourcesBuildPhase;
			buildActionMask = 2147483647;
			files = (
			);
			runOnlyForDeploymentPostprocessing = 0;
		};
		AA03E97925E3EF13003DA9DA /* Resources */ = {
			isa = PBXResourcesBuildPhase;
			buildActionMask = 2147483647;
			files = (
			);
			runOnlyForDeploymentPostprocessing = 0;
		};
/* End PBXResourcesBuildPhase section */

/* Begin PBXShellScriptBuildPhase section */
		AA9C4E6B26025DA4004FCABF /* ShellScript */ = {
			isa = PBXShellScriptBuildPhase;
			buildActionMask = 2147483647;
			files = (
			);
			inputFileListPaths = (
			);
			inputPaths = (
				"$(TARGET_BUILD_DIR)/$(INFOPLIST_PATH)",
			);
			outputFileListPaths = (
			);
			outputPaths = (
			);
			runOnlyForDeploymentPostprocessing = 0;
			shellPath = /bin/sh;
			shellScript = "#\n# Set the build number to the current git commit count.\n# If we're using the Dev scheme, then we'll suffix the build\n# number with the current branch name, to make collisions\n# far less likely across feature branches.\n# Based on: http://w3facility.info/question/how-do-i-force-xcode-to-rebuild-the-info-plist-file-in-my-project-every-time-i-build-the-project/\n#\n# Updated with dSYM handling from http://yellowfeather.co.uk/blog/auto-incrementing-build-number-in-xcode-revisited/\n#\n# Seen here: http://blog.jaredsinclair.com/post/97193356620/the-best-of-all-possible-xcode-automated-build\n\ngit=`sh /etc/profile; which git`\nreferenceGitTag=\"first-commit\"\nappBuild=`\"$git\" rev-list \"$referenceGitTag\"..HEAD --count`\nbranchName=`\"$git\" rev-parse --abbrev-ref HEAD`\necho \"buildNo $appBuild-$branchName\"\n\ndsym_plist=\"$DWARF_DSYM_FOLDER_PATH/$DWARF_DSYM_FILE_NAME/Contents/Info.plist\"\ntarget_plist=\"$TARGET_BUILD_DIR/$INFOPLIST_PATH\"\n\nfor plist in \"$target_plist\" \"$dsym_plist\"; do\n    if [ -f \"$plist\" ]; then\n        /usr/libexec/PlistBuddy -c \"Set :CFBundleVersion $appBuild\" \"$plist\"\n        echo \"Build number set to $appBuild in ${TARGET_BUILD_DIR}/${INFOPLIST_PATH}\"\n    fi\n\ndone\n";
		};
/* End PBXShellScriptBuildPhase section */

/* Begin PBXSourcesBuildPhase section */
		AA03E95C25E3EF13003DA9DA /* Sources */ = {
			isa = PBXSourcesBuildPhase;
			buildActionMask = 2147483647;
			files = (
				AAF5054725F11E45003AFED7 /* DataAcquisitionView.swift in Sources */,
				AA14CA75261490CD004F08FE /* Codable.swift in Sources */,
				AAFFEB3925FF9554002287D6 /* NordicError.swift in Sources */,
				AA10170325E91885006DC88A /* HTTPRequest.swift in Sources */,
				C301A35B261DE9280010717D /* DeviceRemoteHandler.swift in Sources */,
				C33C10C12609791E0097EA5A /* SignalParameters.swift in Sources */,
				AAFFEB3625FF8EAA002287D6 /* DashboardView+ViewState.swift in Sources */,
				AAF4E322261DD193009C387B /* Cache.swift in Sources */,
				AA03E98425E3EF13003DA9DA /* ContentView.swift in Sources */,
				AACCBA882600C32C0042E87B /* ErrorView.swift in Sources */,
				AA01F3D025EFACB000368707 /* Assets.swift in Sources */,
				AA02088325F6516D00FD6B24 /* Scanner.swift in Sources */,
				AA02086F25F648C200FD6B24 /* View.swift in Sources */,
				C3846EE5260B4386005AEF67 /* BluetoothManager.swift in Sources */,
				AA386B09260CEDD60079F12D /* Previews.swift in Sources */,
				AAFFEB3325FF7A06002287D6 /* ButtonStyles.swift in Sources */,
				C301A350261DC0B80010717D /* CBCentralManager+Ext.swift in Sources */,
				AA1016FC25E9173A006DC88A /* Network.swift in Sources */,
				C37DD4B0260CAA1500D667EA /* HeaderDeviceDetails.swift in Sources */,
				C37DD499260C89D800D667EA /* AdvertisementData.swift in Sources */,
				C3BF6AAC26244907006330C8 /* Logger+Ext.swift in Sources */,
				AAF0C975260A1482001B76B9 /* CircleAround.swift in Sources */,
				AAFCBE8225E90734001C52B0 /* LoginRequest.swift in Sources */,
				AA535513261C7DA1007B2C94 /* CollaboratorsDisclosureView.swift in Sources */,
				AA80988425EE518F00091AC0 /* ProjectRow.swift in Sources */,
				AA43B2A825FA574F00C5B5EE /* TabBarLayoutView.swift in Sources */,
				AAF4F6BD2625C0A700012359 /* LoginErrorView.swift in Sources */,
				AA80989A25EE959B00091AC0 /* Publishers.swift in Sources */,
				AAA87AE3261B28F50097EA74 /* URLImage.swift in Sources */,
				AA0D812C2608F62700AE615A /* DeploymentViewState.swift in Sources */,
				AAF0C96C260A0210001B76B9 /* DashboardView.swift in Sources */,
				AAF0C972260A121B001B76B9 /* UserView.swift in Sources */,
				AA02086825F641D900FD6B24 /* Sample.swift in Sources */,
				AAFFEB3025FF6A29002287D6 /* HorizontalTabView.swift in Sources */,
				AA03E98225E3EF13003DA9DA /* nRF_Edge_ImpulseApp.swift in Sources */,
				C33C10C32609791E0097EA5A /* SignalLevel.swift in Sources */,
				AA02088E25F651D100FD6B24 /* ScanResult.swift in Sources */,
				AAA87ADD261B143B0097EA74 /* String.swift in Sources */,
				AA284059261F4DFC00EB8637 /* AppHeaderView.swift in Sources */,
				AA0208A125F65C7600FD6B24 /* LoggedInRootView.swift in Sources */,
				C301A369261F12890010717D /* WebSocketManager.swift in Sources */,
				AA0208A925F65EB400FD6B24 /* Tabs.swift in Sources */,
				C301A379261F36250010717D /* HelloMessage.swift in Sources */,
				AA0D81292608C03A00AE615A /* DeploymentView.swift in Sources */,
				AA008A7725EE422C00F70F75 /* Project.swift in Sources */,
				AAA584F12604C4D500AB5BF9 /* DataAcquisitionViewState.swift in Sources */,
				AA02089625F65A3700FD6B24 /* DeviceList.swift in Sources */,
				AA92BEFA2612064E00BED04B /* ResourcesRequest.swift in Sources */,
				AAFED87725E7F7F900BB7445 /* NativeLoginView.swift in Sources */,
				AAF4F6C32625C8C600012359 /* ThreePaneLayoutView.swift in Sources */,
				AA535510261C7AFC007B2C94 /* CollaboratorRow.swift in Sources */,
				AA8EC8B4261F30A900FBE990 /* Modifiers.swift in Sources */,
				AA28405F261F537C00EB8637 /* PasswordField.swift in Sources */,
				AA01F3DF25EFDC5000368707 /* Constant.swift in Sources */,
				AA92BEF12611F9E400BED04B /* ResourceData.swift in Sources */,
				AAF4F6BA2625C02E00012359 /* SignedUpView.swift in Sources */,
				AAF936AB260226BA00ED9546 /* TwoPaneLayoutView.swift in Sources */,
				AA1F07A425F7989400CC41A9 /* BluetoothError.swift in Sources */,
				AA28405C261F4F3D00EB8637 /* UsernameField.swift in Sources */,
				C37DD4A9260C991900D667EA /* DeviceDetails.swift in Sources */,
				AAF0C96F260A069F001B76B9 /* User.swift in Sources */,
				AAF0C9692609FEBE001B76B9 /* GetCurrentUserRequest.swift in Sources */,
				AAFAE5EB25ED14E500A45A90 /* AppData.swift in Sources */,
				C3A3665B260414BC008D82CC /* DeviceRow.swift in Sources */,
			);
			runOnlyForDeploymentPostprocessing = 0;
		};
		AA03E96425E3EF13003DA9DA /* Sources */ = {
			isa = PBXSourcesBuildPhase;
			buildActionMask = 2147483647;
			files = (
				AA02087025F648C200FD6B24 /* View.swift in Sources */,
				AA14CA76261490CD004F08FE /* Codable.swift in Sources */,
				AAFFEB3A25FF9554002287D6 /* NordicError.swift in Sources */,
				AA80989B25EE959B00091AC0 /* Publishers.swift in Sources */,
				C33C10C22609791E0097EA5A /* SignalParameters.swift in Sources */,
				AAFEA59D261F0B8C0021B8CF /* CBCentralManager+Ext.swift in Sources */,
				AA0D90AE260E1F1100A455B7 /* nRF_Edge_ImpulseApp.swift in Sources */,
				AAF4E323261DD193009C387B /* Cache.swift in Sources */,
				AAFFEB3725FF8EAA002287D6 /* DashboardView+ViewState.swift in Sources */,
				AA1016FD25E9173A006DC88A /* Network.swift in Sources */,
				AACCBA892600C32C0042E87B /* ErrorView.swift in Sources */,
				AA02088F25F651D100FD6B24 /* ScanResult.swift in Sources */,
				AA03E98525E3EF13003DA9DA /* ContentView.swift in Sources */,
				AA710DB5260391D800A4935F /* DataAcquisitionView.swift in Sources */,
				C3846EE6260B4386005AEF67 /* BluetoothManager.swift in Sources */,
				AAF4F6C52625E07900012359 /* DeviceList.swift in Sources */,
				AAFAE5EC25ED14E500A45A90 /* AppData.swift in Sources */,
				AA386B0A260CEDD60079F12D /* Previews.swift in Sources */,
				AA008A7825EE422C00F70F75 /* Project.swift in Sources */,
				AAFFEB3425FF7A06002287D6 /* ButtonStyles.swift in Sources */,
				C37DD4B1260CAA1500D667EA /* HeaderDeviceDetails.swift in Sources */,
				C37DD49A260C89D800D667EA /* AdvertisementData.swift in Sources */,
				AA535519261C896B007B2C94 /* CollaboratorsDisclosureView.swift in Sources */,
				AAF0C976260A1482001B76B9 /* CircleAround.swift in Sources */,
				AA80988525EE518F00091AC0 /* ProjectRow.swift in Sources */,
				AAF4F6BE2625C0A700012359 /* LoginErrorView.swift in Sources */,
				AA7F5DE425F8F6C900185328 /* LoginRequest.swift in Sources */,
				AAA87AE4261B28F50097EA74 /* URLImage.swift in Sources */,
				AA43B2A925FA58B500C5B5EE /* TabBarLayoutView.swift in Sources */,
				AA0D812D2608F62700AE615A /* DeploymentViewState.swift in Sources */,
				AAF0C96D260A0210001B76B9 /* DashboardView.swift in Sources */,
				AAF0C973260A121B001B76B9 /* UserView.swift in Sources */,
				AA10170425E91885006DC88A /* HTTPRequest.swift in Sources */,
				AA01F3E025EFDC5000368707 /* Constant.swift in Sources */,
				AAFFEB3125FF6A29002287D6 /* HorizontalTabView.swift in Sources */,
				C33C10C42609791E0097EA5A /* SignalLevel.swift in Sources */,
				C3BF6AB12624490B006330C8 /* Logger+Ext.swift in Sources */,
				AAA87ADE261B143B0097EA74 /* String.swift in Sources */,
				AA28405A261F4DFC00EB8637 /* AppHeaderView.swift in Sources */,
				AA0208A225F65C7600FD6B24 /* LoggedInRootView.swift in Sources */,
				C301A35C261DE9280010717D /* DeviceRemoteHandler.swift in Sources */,
				C301A37A261F36250010717D /* HelloMessage.swift in Sources */,
				AA0208AA25F65EB400FD6B24 /* Tabs.swift in Sources */,
				AA0D812A2608C03A00AE615A /* DeploymentView.swift in Sources */,
				AA02086925F641D900FD6B24 /* Sample.swift in Sources */,
				AA32792D2604C66B00A0CA6A /* DataAcquisitionViewState.swift in Sources */,
				AA02088425F6516D00FD6B24 /* Scanner.swift in Sources */,
				AA92BEFB2612064E00BED04B /* ResourcesRequest.swift in Sources */,
				AA1F07A525F7989400CC41A9 /* BluetoothError.swift in Sources */,
				AAF4F6C42625C8C600012359 /* ThreePaneLayoutView.swift in Sources */,
				AA535511261C7AFC007B2C94 /* CollaboratorRow.swift in Sources */,
				AA8EC8B5261F30A900FBE990 /* Modifiers.swift in Sources */,
				AA284060261F537C00EB8637 /* PasswordField.swift in Sources */,
				AA01F3D125EFACB000368707 /* Assets.swift in Sources */,
				AA92BEF22611F9E400BED04B /* ResourceData.swift in Sources */,
				AAF4F6BB2625C02E00012359 /* SignedUpView.swift in Sources */,
				AAF936AC260226BA00ED9546 /* TwoPaneLayoutView.swift in Sources */,
				AA28405D261F4F3D00EB8637 /* UsernameField.swift in Sources */,
				AAFED87825E7F7F900BB7445 /* NativeLoginView.swift in Sources */,
				C37DD4AA260C991900D667EA /* DeviceDetails.swift in Sources */,
				C301A36A261F12890010717D /* WebSocketManager.swift in Sources */,
				AAF0C970260A069F001B76B9 /* User.swift in Sources */,
				AAF0C96A2609FEBE001B76B9 /* GetCurrentUserRequest.swift in Sources */,
				C3A3665A260414BC008D82CC /* DeviceRow.swift in Sources */,
			);
			runOnlyForDeploymentPostprocessing = 0;
		};
		AA03E96C25E3EF13003DA9DA /* Sources */ = {
			isa = PBXSourcesBuildPhase;
			buildActionMask = 2147483647;
			files = (
				AA03E97525E3EF13003DA9DA /* Tests_iOS.swift in Sources */,
			);
			runOnlyForDeploymentPostprocessing = 0;
		};
		AA03E97725E3EF13003DA9DA /* Sources */ = {
			isa = PBXSourcesBuildPhase;
			buildActionMask = 2147483647;
			files = (
				AA03E98025E3EF13003DA9DA /* Tests_macOS.swift in Sources */,
			);
			runOnlyForDeploymentPostprocessing = 0;
		};
/* End PBXSourcesBuildPhase section */

/* Begin PBXTargetDependency section */
		AA03E97225E3EF13003DA9DA /* PBXTargetDependency */ = {
			isa = PBXTargetDependency;
			target = AA03E95F25E3EF13003DA9DA /* nRF-Edge-Impulse (iOS) */;
			targetProxy = AA03E97125E3EF13003DA9DA /* PBXContainerItemProxy */;
		};
		AA03E97D25E3EF13003DA9DA /* PBXTargetDependency */ = {
			isa = PBXTargetDependency;
			target = AA03E96725E3EF13003DA9DA /* nRF-Edge-Impulse (macOS) */;
			targetProxy = AA03E97C25E3EF13003DA9DA /* PBXContainerItemProxy */;
		};
/* End PBXTargetDependency section */

/* Begin XCBuildConfiguration section */
		AA03E98825E3EF13003DA9DA /* Debug */ = {
			isa = XCBuildConfiguration;
			buildSettings = {
				ALWAYS_SEARCH_USER_PATHS = NO;
				CLANG_ANALYZER_NONNULL = YES;
				CLANG_ANALYZER_NUMBER_OBJECT_CONVERSION = YES_AGGRESSIVE;
				CLANG_CXX_LANGUAGE_STANDARD = "gnu++14";
				CLANG_CXX_LIBRARY = "libc++";
				CLANG_ENABLE_MODULES = YES;
				CLANG_ENABLE_OBJC_ARC = YES;
				CLANG_ENABLE_OBJC_WEAK = YES;
				CLANG_WARN_BLOCK_CAPTURE_AUTORELEASING = YES;
				CLANG_WARN_BOOL_CONVERSION = YES;
				CLANG_WARN_COMMA = YES;
				CLANG_WARN_CONSTANT_CONVERSION = YES;
				CLANG_WARN_DEPRECATED_OBJC_IMPLEMENTATIONS = YES;
				CLANG_WARN_DIRECT_OBJC_ISA_USAGE = YES_ERROR;
				CLANG_WARN_DOCUMENTATION_COMMENTS = YES;
				CLANG_WARN_EMPTY_BODY = YES;
				CLANG_WARN_ENUM_CONVERSION = YES;
				CLANG_WARN_INFINITE_RECURSION = YES;
				CLANG_WARN_INT_CONVERSION = YES;
				CLANG_WARN_NON_LITERAL_NULL_CONVERSION = YES;
				CLANG_WARN_OBJC_IMPLICIT_RETAIN_SELF = YES;
				CLANG_WARN_OBJC_LITERAL_CONVERSION = YES;
				CLANG_WARN_OBJC_ROOT_CLASS = YES_ERROR;
				CLANG_WARN_QUOTED_INCLUDE_IN_FRAMEWORK_HEADER = YES;
				CLANG_WARN_RANGE_LOOP_ANALYSIS = YES;
				CLANG_WARN_STRICT_PROTOTYPES = YES;
				CLANG_WARN_SUSPICIOUS_MOVE = YES;
				CLANG_WARN_UNGUARDED_AVAILABILITY = YES_AGGRESSIVE;
				CLANG_WARN_UNREACHABLE_CODE = YES;
				CLANG_WARN__DUPLICATE_METHOD_MATCH = YES;
				COPY_PHASE_STRIP = NO;
				DEBUG_INFORMATION_FORMAT = dwarf;
				ENABLE_STRICT_OBJC_MSGSEND = YES;
				ENABLE_TESTABILITY = YES;
				GCC_C_LANGUAGE_STANDARD = gnu11;
				GCC_DYNAMIC_NO_PIC = NO;
				GCC_NO_COMMON_BLOCKS = YES;
				GCC_OPTIMIZATION_LEVEL = 0;
				GCC_PREPROCESSOR_DEFINITIONS = (
					"DEBUG=1",
					"$(inherited)",
				);
				GCC_WARN_64_TO_32_BIT_CONVERSION = YES;
				GCC_WARN_ABOUT_RETURN_TYPE = YES_ERROR;
				GCC_WARN_UNDECLARED_SELECTOR = YES;
				GCC_WARN_UNINITIALIZED_AUTOS = YES_AGGRESSIVE;
				GCC_WARN_UNUSED_FUNCTION = YES;
				GCC_WARN_UNUSED_VARIABLE = YES;
				IPHONEOS_DEPLOYMENT_TARGET = 14.1;
				MTL_ENABLE_DEBUG_INFO = INCLUDE_SOURCE;
				MTL_FAST_MATH = YES;
				ONLY_ACTIVE_ARCH = YES;
				SWIFT_ACTIVE_COMPILATION_CONDITIONS = DEBUG;
				SWIFT_OPTIMIZATION_LEVEL = "-Onone";
			};
			name = Debug;
		};
		AA03E98925E3EF13003DA9DA /* Release */ = {
			isa = XCBuildConfiguration;
			buildSettings = {
				ALWAYS_SEARCH_USER_PATHS = NO;
				CLANG_ANALYZER_NONNULL = YES;
				CLANG_ANALYZER_NUMBER_OBJECT_CONVERSION = YES_AGGRESSIVE;
				CLANG_CXX_LANGUAGE_STANDARD = "gnu++14";
				CLANG_CXX_LIBRARY = "libc++";
				CLANG_ENABLE_MODULES = YES;
				CLANG_ENABLE_OBJC_ARC = YES;
				CLANG_ENABLE_OBJC_WEAK = YES;
				CLANG_WARN_BLOCK_CAPTURE_AUTORELEASING = YES;
				CLANG_WARN_BOOL_CONVERSION = YES;
				CLANG_WARN_COMMA = YES;
				CLANG_WARN_CONSTANT_CONVERSION = YES;
				CLANG_WARN_DEPRECATED_OBJC_IMPLEMENTATIONS = YES;
				CLANG_WARN_DIRECT_OBJC_ISA_USAGE = YES_ERROR;
				CLANG_WARN_DOCUMENTATION_COMMENTS = YES;
				CLANG_WARN_EMPTY_BODY = YES;
				CLANG_WARN_ENUM_CONVERSION = YES;
				CLANG_WARN_INFINITE_RECURSION = YES;
				CLANG_WARN_INT_CONVERSION = YES;
				CLANG_WARN_NON_LITERAL_NULL_CONVERSION = YES;
				CLANG_WARN_OBJC_IMPLICIT_RETAIN_SELF = YES;
				CLANG_WARN_OBJC_LITERAL_CONVERSION = YES;
				CLANG_WARN_OBJC_ROOT_CLASS = YES_ERROR;
				CLANG_WARN_QUOTED_INCLUDE_IN_FRAMEWORK_HEADER = YES;
				CLANG_WARN_RANGE_LOOP_ANALYSIS = YES;
				CLANG_WARN_STRICT_PROTOTYPES = YES;
				CLANG_WARN_SUSPICIOUS_MOVE = YES;
				CLANG_WARN_UNGUARDED_AVAILABILITY = YES_AGGRESSIVE;
				CLANG_WARN_UNREACHABLE_CODE = YES;
				CLANG_WARN__DUPLICATE_METHOD_MATCH = YES;
				COPY_PHASE_STRIP = NO;
				DEBUG_INFORMATION_FORMAT = "dwarf-with-dsym";
				ENABLE_NS_ASSERTIONS = NO;
				ENABLE_STRICT_OBJC_MSGSEND = YES;
				GCC_C_LANGUAGE_STANDARD = gnu11;
				GCC_NO_COMMON_BLOCKS = YES;
				GCC_WARN_64_TO_32_BIT_CONVERSION = YES;
				GCC_WARN_ABOUT_RETURN_TYPE = YES_ERROR;
				GCC_WARN_UNDECLARED_SELECTOR = YES;
				GCC_WARN_UNINITIALIZED_AUTOS = YES_AGGRESSIVE;
				GCC_WARN_UNUSED_FUNCTION = YES;
				GCC_WARN_UNUSED_VARIABLE = YES;
				IPHONEOS_DEPLOYMENT_TARGET = 14.1;
				MTL_ENABLE_DEBUG_INFO = NO;
				MTL_FAST_MATH = YES;
				SWIFT_COMPILATION_MODE = wholemodule;
				SWIFT_OPTIMIZATION_LEVEL = "-O";
			};
			name = Release;
		};
		AA03E98B25E3EF13003DA9DA /* Debug */ = {
			isa = XCBuildConfiguration;
			buildSettings = {
				ASSETCATALOG_COMPILER_APPICON_NAME = AppIcon;
				ASSETCATALOG_COMPILER_GLOBAL_ACCENT_COLOR_NAME = AccentColor;
				CODE_SIGN_ENTITLEMENTS = "nRF-Edge-Impulse.entitlements";
				CODE_SIGN_IDENTITY = "Apple Development";
				CODE_SIGN_STYLE = Automatic;
				DEVELOPMENT_TEAM = P3R8YQEV4L;
				ENABLE_PREVIEWS = YES;
				INFOPLIST_FILE = iOS/Info.plist;
				IPHONEOS_DEPLOYMENT_TARGET = 14.0;
				LD_RUNPATH_SEARCH_PATHS = (
					"$(inherited)",
					"@executable_path/Frameworks",
				);
				PRODUCT_BUNDLE_IDENTIFIER = "com.nordicsemi.nRF-Edge-Impulse";
				PRODUCT_NAME = "nRF-Edge-Impulse";
				PROVISIONING_PROFILE_SPECIFIER = "";
				SDKROOT = iphoneos;
				SWIFT_VERSION = 5.0;
				TARGETED_DEVICE_FAMILY = "1,2";
			};
			name = Debug;
		};
		AA03E98C25E3EF13003DA9DA /* Release */ = {
			isa = XCBuildConfiguration;
			buildSettings = {
				ASSETCATALOG_COMPILER_APPICON_NAME = AppIcon;
				ASSETCATALOG_COMPILER_GLOBAL_ACCENT_COLOR_NAME = AccentColor;
				CODE_SIGN_ENTITLEMENTS = "nRF-Edge-Impulse.entitlements";
				CODE_SIGN_IDENTITY = "Apple Development";
				CODE_SIGN_STYLE = Automatic;
				DEVELOPMENT_TEAM = P3R8YQEV4L;
				ENABLE_PREVIEWS = YES;
				INFOPLIST_FILE = iOS/Info.plist;
				IPHONEOS_DEPLOYMENT_TARGET = 14.0;
				LD_RUNPATH_SEARCH_PATHS = (
					"$(inherited)",
					"@executable_path/Frameworks",
				);
				PRODUCT_BUNDLE_IDENTIFIER = "com.nordicsemi.nRF-Edge-Impulse";
				PRODUCT_NAME = "nRF-Edge-Impulse";
				PROVISIONING_PROFILE_SPECIFIER = "";
				SDKROOT = iphoneos;
				SWIFT_VERSION = 5.0;
				TARGETED_DEVICE_FAMILY = "1,2";
				VALIDATE_PRODUCT = YES;
			};
			name = Release;
		};
		AA03E98E25E3EF13003DA9DA /* Debug */ = {
			isa = XCBuildConfiguration;
			buildSettings = {
				ASSETCATALOG_COMPILER_APPICON_NAME = AppIcon;
				ASSETCATALOG_COMPILER_GLOBAL_ACCENT_COLOR_NAME = AccentColor;
				CODE_SIGN_ENTITLEMENTS = macOS/macOS.entitlements;
				CODE_SIGN_IDENTITY = "Apple Development";
				CODE_SIGN_STYLE = Automatic;
				COMBINE_HIDPI_IMAGES = YES;
				DEVELOPMENT_TEAM = P3R8YQEV4L;
				ENABLE_HARDENED_RUNTIME = YES;
				ENABLE_PREVIEWS = YES;
				INFOPLIST_FILE = macOS/Info.plist;
				LD_RUNPATH_SEARCH_PATHS = (
					"$(inherited)",
					"@executable_path/../Frameworks",
				);
				MACOSX_DEPLOYMENT_TARGET = 11.0;
				PRODUCT_BUNDLE_IDENTIFIER = "com.nordicsemi.nRF-Edge-Impulse";
				PRODUCT_NAME = "nRF-Edge-Impulse";
				PROVISIONING_PROFILE_SPECIFIER = "";
				SDKROOT = macosx;
				SWIFT_VERSION = 5.0;
			};
			name = Debug;
		};
		AA03E98F25E3EF13003DA9DA /* Release */ = {
			isa = XCBuildConfiguration;
			buildSettings = {
				ASSETCATALOG_COMPILER_APPICON_NAME = AppIcon;
				ASSETCATALOG_COMPILER_GLOBAL_ACCENT_COLOR_NAME = AccentColor;
				CODE_SIGN_ENTITLEMENTS = macOS/macOS.entitlements;
				CODE_SIGN_IDENTITY = "Apple Development";
				CODE_SIGN_STYLE = Automatic;
				COMBINE_HIDPI_IMAGES = YES;
				DEVELOPMENT_TEAM = P3R8YQEV4L;
				ENABLE_HARDENED_RUNTIME = YES;
				ENABLE_PREVIEWS = YES;
				INFOPLIST_FILE = macOS/Info.plist;
				LD_RUNPATH_SEARCH_PATHS = (
					"$(inherited)",
					"@executable_path/../Frameworks",
				);
				MACOSX_DEPLOYMENT_TARGET = 11.0;
				PRODUCT_BUNDLE_IDENTIFIER = "com.nordicsemi.nRF-Edge-Impulse";
				PRODUCT_NAME = "nRF-Edge-Impulse";
				PROVISIONING_PROFILE_SPECIFIER = "";
				SDKROOT = macosx;
				SWIFT_VERSION = 5.0;
			};
			name = Release;
		};
		AA03E99125E3EF13003DA9DA /* Debug */ = {
			isa = XCBuildConfiguration;
			buildSettings = {
				ALWAYS_EMBED_SWIFT_STANDARD_LIBRARIES = YES;
				CODE_SIGN_STYLE = Automatic;
				DEVELOPMENT_TEAM = P3R8YQEV4L;
				INFOPLIST_FILE = "Tests iOS/Info.plist";
				IPHONEOS_DEPLOYMENT_TARGET = 14.4;
				LD_RUNPATH_SEARCH_PATHS = (
					"$(inherited)",
					"@executable_path/Frameworks",
					"@loader_path/Frameworks",
				);
				PRODUCT_BUNDLE_IDENTIFIER = "com.nordicsemi.Tests-iOS";
				PRODUCT_NAME = "$(TARGET_NAME)";
				SDKROOT = iphoneos;
				SWIFT_VERSION = 5.0;
				TARGETED_DEVICE_FAMILY = "1,2";
				TEST_TARGET_NAME = "nRF-Edge-Impulse (iOS)";
			};
			name = Debug;
		};
		AA03E99225E3EF13003DA9DA /* Release */ = {
			isa = XCBuildConfiguration;
			buildSettings = {
				ALWAYS_EMBED_SWIFT_STANDARD_LIBRARIES = YES;
				CODE_SIGN_STYLE = Automatic;
				DEVELOPMENT_TEAM = P3R8YQEV4L;
				INFOPLIST_FILE = "Tests iOS/Info.plist";
				IPHONEOS_DEPLOYMENT_TARGET = 14.4;
				LD_RUNPATH_SEARCH_PATHS = (
					"$(inherited)",
					"@executable_path/Frameworks",
					"@loader_path/Frameworks",
				);
				PRODUCT_BUNDLE_IDENTIFIER = "com.nordicsemi.Tests-iOS";
				PRODUCT_NAME = "$(TARGET_NAME)";
				SDKROOT = iphoneos;
				SWIFT_VERSION = 5.0;
				TARGETED_DEVICE_FAMILY = "1,2";
				TEST_TARGET_NAME = "nRF-Edge-Impulse (iOS)";
				VALIDATE_PRODUCT = YES;
			};
			name = Release;
		};
		AA03E99425E3EF13003DA9DA /* Debug */ = {
			isa = XCBuildConfiguration;
			buildSettings = {
				ALWAYS_EMBED_SWIFT_STANDARD_LIBRARIES = YES;
				CODE_SIGN_STYLE = Automatic;
				COMBINE_HIDPI_IMAGES = YES;
				DEVELOPMENT_TEAM = P3R8YQEV4L;
				INFOPLIST_FILE = "Tests macOS/Info.plist";
				LD_RUNPATH_SEARCH_PATHS = (
					"$(inherited)",
					"@executable_path/../Frameworks",
					"@loader_path/../Frameworks",
				);
				MACOSX_DEPLOYMENT_TARGET = 10.15;
				PRODUCT_BUNDLE_IDENTIFIER = "com.nordicsemi.Tests-macOS";
				PRODUCT_NAME = "$(TARGET_NAME)";
				SDKROOT = macosx;
				SWIFT_VERSION = 5.0;
				TEST_TARGET_NAME = "nRF-Edge-Impulse (macOS)";
			};
			name = Debug;
		};
		AA03E99525E3EF13003DA9DA /* Release */ = {
			isa = XCBuildConfiguration;
			buildSettings = {
				ALWAYS_EMBED_SWIFT_STANDARD_LIBRARIES = YES;
				CODE_SIGN_STYLE = Automatic;
				COMBINE_HIDPI_IMAGES = YES;
				DEVELOPMENT_TEAM = P3R8YQEV4L;
				INFOPLIST_FILE = "Tests macOS/Info.plist";
				LD_RUNPATH_SEARCH_PATHS = (
					"$(inherited)",
					"@executable_path/../Frameworks",
					"@loader_path/../Frameworks",
				);
				MACOSX_DEPLOYMENT_TARGET = 10.15;
				PRODUCT_BUNDLE_IDENTIFIER = "com.nordicsemi.Tests-macOS";
				PRODUCT_NAME = "$(TARGET_NAME)";
				SDKROOT = macosx;
				SWIFT_VERSION = 5.0;
				TEST_TARGET_NAME = "nRF-Edge-Impulse (macOS)";
			};
			name = Release;
		};
/* End XCBuildConfiguration section */

/* Begin XCConfigurationList section */
		AA03E95725E3EF12003DA9DA /* Build configuration list for PBXProject "nRF-Edge-Impulse" */ = {
			isa = XCConfigurationList;
			buildConfigurations = (
				AA03E98825E3EF13003DA9DA /* Debug */,
				AA03E98925E3EF13003DA9DA /* Release */,
			);
			defaultConfigurationIsVisible = 0;
			defaultConfigurationName = Release;
		};
		AA03E98A25E3EF13003DA9DA /* Build configuration list for PBXNativeTarget "nRF-Edge-Impulse (iOS)" */ = {
			isa = XCConfigurationList;
			buildConfigurations = (
				AA03E98B25E3EF13003DA9DA /* Debug */,
				AA03E98C25E3EF13003DA9DA /* Release */,
			);
			defaultConfigurationIsVisible = 0;
			defaultConfigurationName = Release;
		};
		AA03E98D25E3EF13003DA9DA /* Build configuration list for PBXNativeTarget "nRF-Edge-Impulse (macOS)" */ = {
			isa = XCConfigurationList;
			buildConfigurations = (
				AA03E98E25E3EF13003DA9DA /* Debug */,
				AA03E98F25E3EF13003DA9DA /* Release */,
			);
			defaultConfigurationIsVisible = 0;
			defaultConfigurationName = Release;
		};
		AA03E99025E3EF13003DA9DA /* Build configuration list for PBXNativeTarget "Tests iOS" */ = {
			isa = XCConfigurationList;
			buildConfigurations = (
				AA03E99125E3EF13003DA9DA /* Debug */,
				AA03E99225E3EF13003DA9DA /* Release */,
			);
			defaultConfigurationIsVisible = 0;
			defaultConfigurationName = Release;
		};
		AA03E99325E3EF13003DA9DA /* Build configuration list for PBXNativeTarget "Tests macOS" */ = {
			isa = XCConfigurationList;
			buildConfigurations = (
				AA03E99425E3EF13003DA9DA /* Debug */,
				AA03E99525E3EF13003DA9DA /* Release */,
			);
			defaultConfigurationIsVisible = 0;
			defaultConfigurationName = Release;
		};
/* End XCConfigurationList section */

/* Begin XCRemoteSwiftPackageReference section */
		AAFAE5E325ED11CA00A45A90 /* XCRemoteSwiftPackageReference "keychain-swift" */ = {
			isa = XCRemoteSwiftPackageReference;
			repositoryURL = "https://github.com/evgenyneu/keychain-swift.git";
			requirement = {
				kind = upToNextMajorVersion;
				minimumVersion = 19.0.0;
			};
		};
/* End XCRemoteSwiftPackageReference section */

/* Begin XCSwiftPackageProductDependency section */
		AA7F5DE225F8F57D00185328 /* KeychainSwift */ = {
			isa = XCSwiftPackageProductDependency;
			package = AAFAE5E325ED11CA00A45A90 /* XCRemoteSwiftPackageReference "keychain-swift" */;
			productName = KeychainSwift;
		};
		AAFAE5E425ED11CA00A45A90 /* KeychainSwift */ = {
			isa = XCSwiftPackageProductDependency;
			package = AAFAE5E325ED11CA00A45A90 /* XCRemoteSwiftPackageReference "keychain-swift" */;
			productName = KeychainSwift;
		};
/* End XCSwiftPackageProductDependency section */
	};
	rootObject = AA03E95425E3EF12003DA9DA /* Project object */;
}
